// !$*UTF8*$!
{
	archiveVersion = 1;
	classes = {
	};
	objectVersion = 77;
	objects = {

/* Begin PBXBuildFile section */
		07D948479853B38C01937871 /* MemoryAisleApp.swift in Sources */ = {isa = PBXBuildFile; fileRef = 123744ECA42A55A09346F5E1 /* MemoryAisleApp.swift */; };
		0D46401AA263700B907CB13D /* DoseTimingScreen.swift in Sources */ = {isa = PBXBuildFile; fileRef = AD54425B8FD9D8774489B4E9 /* DoseTimingScreen.swift */; };
		12E741F193DFCB2A948D654F /* MemoryAisle2.entitlements in Resources */ = {isa = PBXBuildFile; fileRef = E40641D89BFFF7D09BE9FEF8 /* MemoryAisle2.entitlements */; };
		15D24033A54B0142D21998D0 /* VioletButton.swift in Sources */ = {isa = PBXBuildFile; fileRef = 68424357A33FA4E35A837E5F /* VioletButton.swift */; };
		161E4891BEA873A25B0338BF /* MiraChatView.swift in Sources */ = {isa = PBXBuildFile; fileRef = E6EC4F0883537C29DC32C1B2 /* MiraChatView.swift */; };
		165843B493950DBC7100B93E /* TrainingScreen.swift in Sources */ = {isa = PBXBuildFile; fileRef = DECA4F149FD027EFC35F2456 /* TrainingScreen.swift */; };
		173E4C99A4A0CDE52B4EDB19 /* ScanView.swift in Sources */ = {isa = PBXBuildFile; fileRef = 299B49FB9621C6BB76354F28 /* ScanView.swift */; };
		1F954129BB47E10F320E12BF /* UpgradePrompt.swift in Sources */ = {isa = PBXBuildFile; fileRef = 216B48748807B1685CA46DEF /* UpgradePrompt.swift */; };
		262D4C0187A0D307BC0D0F33 /* GlowButton.swift in Sources */ = {isa = PBXBuildFile; fileRef = 4DC345C68315E39FD1CF0163 /* GlowButton.swift */; };
		27E4487290A3AD8DEF382E27 /* Theme.swift in Sources */ = {isa = PBXBuildFile; fileRef = 305B45C49B37D2415184B6FD /* Theme.swift */; };
		29A1411E95F5333298515471 /* MealsView.swift in Sources */ = {isa = PBXBuildFile; fileRef = C892475BA9FF13903B47A6DC /* MealsView.swift */; };
		35A8469C9F00D674C4F6BA7B /* ProteinCalculator.swift in Sources */ = {isa = PBXBuildFile; fileRef = 422B4FB18280E567E3AC2431 /* ProteinCalculator.swift */; };
		38E64D72A546975168D6065C /* MiraWaveform.swift in Sources */ = {isa = PBXBuildFile; fileRef = 44C248E08E9AA60A7305A3C6 /* MiraWaveform.swift */; };
		41D94F87A2556F72C519A426 /* ProgressBar.swift in Sources */ = {isa = PBXBuildFile; fileRef = EB5640B3BABC0F505637F2FC /* ProgressBar.swift */; };
		50874713BECF1D22DA220658 /* MiraIntroScreen.swift in Sources */ = {isa = PBXBuildFile; fileRef = 1ACA4F318F8CE8FB52EB4349 /* MiraIntroScreen.swift */; };
		5A5941F2BF7AF5ABD2F6515E /* SymptomLog.swift in Sources */ = {isa = PBXBuildFile; fileRef = 855E4985B7567EEB6D505C70 /* SymptomLog.swift */; };
		5E304051B9F328B7C8F4769C /* InjectionCycleBar.swift in Sources */ = {isa = PBXBuildFile; fileRef = 08684086A4EF69ABBFB80CB1 /* InjectionCycleBar.swift */; };
		5E9340EBBA9B4BDE21C0EE5F /* MedicationSelectScreen.swift in Sources */ = {isa = PBXBuildFile; fileRef = 5CE14476936BC7AFA255BE8B /* MedicationSelectScreen.swift */; };
		61FB408C8A563A5351768835 /* UserProfile.swift in Sources */ = {isa = PBXBuildFile; fileRef = 5B294492BE492FD71C0C6523 /* UserProfile.swift */; };
		6D194C999E23207924748B5A /* GlassCardStrong.swift in Sources */ = {isa = PBXBuildFile; fileRef = 506240CE835185D510251C6C /* GlassCardStrong.swift */; };
		724343C0916D4253312DD45D /* GhostButton.swift in Sources */ = {isa = PBXBuildFile; fileRef = 7FC74B4D8A9E864DC85E9D66 /* GhostButton.swift */; };
		787D402E97B2B3B6C485E349 /* HomeView.swift in Sources */ = {isa = PBXBuildFile; fileRef = 4BAA4CB08A7717EE5D125AF1 /* HomeView.swift */; };
		82B744599DD7DCD3009C02FE /* HealthKitManager.swift in Sources */ = {isa = PBXBuildFile; fileRef = 4D674F82B74DB0A621E6447D /* HealthKitManager.swift */; };
		870243C8847C703B75F5AC77 /* PaywallView.swift in Sources */ = {isa = PBXBuildFile; fileRef = 849648448FD61E9F718CA956 /* PaywallView.swift */; };
		8785423BB29E7E1CD9D24401 /* Typography.swift in Sources */ = {isa = PBXBuildFile; fileRef = E4914431A658D0E83910C515 /* Typography.swift */; };
		8E6443079E0C541D56131F79 /* WorriesScreen.swift in Sources */ = {isa = PBXBuildFile; fileRef = 6C874F039772E554343A8C35 /* WorriesScreen.swift */; };
		91034E69BBEDEF052E9BA6E2 /* ProfileView.swift in Sources */ = {isa = PBXBuildFile; fileRef = 788343C2BD56EA9C54361D80 /* ProfileView.swift */; };
		92B34E16AE21D861A267061A /* VoiceWaveform.swift in Sources */ = {isa = PBXBuildFile; fileRef = EFE54345A69DA4E5A1CD11D4 /* VoiceWaveform.swift */; };
		978043A6B06385D88FBBAF21 /* ProgressDashboardView.swift in Sources */ = {isa = PBXBuildFile; fileRef = EF1B4AE9B7C6E1D574206398 /* ProgressDashboardView.swift */; };
		990B4593A0784906091DFC78 /* PillBadge.swift in Sources */ = {isa = PBXBuildFile; fileRef = 9AF045FC987D6FB0515F538B /* PillBadge.swift */; };
		A37C465BA6D970C8A59E0461 /* DietaryScreen.swift in Sources */ = {isa = PBXBuildFile; fileRef = 14B84BCDB1ED542FDE2C9CAE /* DietaryScreen.swift */; };
		A6CB4EACBFA9DB5FC3A5CC97 /* ScanResultView.swift in Sources */ = {isa = PBXBuildFile; fileRef = 57294B48A8131AD09B33F510 /* ScanResultView.swift */; };
		A8E34207AC7802EDC23F5C3C /* MainTabView.swift in Sources */ = {isa = PBXBuildFile; fileRef = A1B4411BA2BB7A820A97EA91 /* MainTabView.swift */; };
		AA494640BA532682E9690ADA /* HapticManager.swift in Sources */ = {isa = PBXBuildFile; fileRef = 2E3147B3BF898D3DDDB5B8C0 /* HapticManager.swift */; };
		B55B4F0DA22D52DE7EEF5FF6 /* NotificationScheduler.swift in Sources */ = {isa = PBXBuildFile; fileRef = C4F34CE68E708E9C7A175CA2 /* NotificationScheduler.swift */; };
		BB2D4E6FBCACF3C119FB7E42 /* AppState.swift in Sources */ = {isa = PBXBuildFile; fileRef = F26E44ADA86F30E9569F1575 /* AppState.swift */; };
		C5E64D3A845532E38BED40DE /* GLP1CheckScreen.swift in Sources */ = {isa = PBXBuildFile; fileRef = D4F2445794B97475876C58CB /* GLP1CheckScreen.swift */; };
		CB4F48C09299FD5A9FFC2870 /* InjectionCycleEngine.swift in Sources */ = {isa = PBXBuildFile; fileRef = 52C6489781332BE91C67639C /* InjectionCycleEngine.swift */; };
		D65C4971B6322037A02C0A25 /* GroceryListView.swift in Sources */ = {isa = PBXBuildFile; fileRef = A1B848AC9825476CBEEC85AC /* GroceryListView.swift */; };
		DCCC4A29A9894D6ADD219F3B /* BarcodeScanner.swift in Sources */ = {isa = PBXBuildFile; fileRef = DA1743618E8AE833EBE26DFD /* BarcodeScanner.swift */; };
		DFEF4DE79F20482A798186B5 /* NutritionLog.swift in Sources */ = {isa = PBXBuildFile; fileRef = 772C4DFAAFDE50412197536B /* NutritionLog.swift */; };
		E0D14E23BF2076C3D705B767 /* SubscriptionManager.swift in Sources */ = {isa = PBXBuildFile; fileRef = AB4B4328BA122E1C6F872308 /* SubscriptionManager.swift */; };
		E7304B41AF2CF0772C6B0C3A /* SymptomQuickLog.swift in Sources */ = {isa = PBXBuildFile; fileRef = 2D3E416CBF0A88F494A4F026 /* SymptomQuickLog.swift */; };
		E7CF4CFB948DD698D6D6E2BB /* OnboardingFlow.swift in Sources */ = {isa = PBXBuildFile; fileRef = F48444BD84D42196D0CC3E22 /* OnboardingFlow.swift */; };
		EB0D4806AF46797110EB5DD5 /* GlassCard.swift in Sources */ = {isa = PBXBuildFile; fileRef = F98A435BA82A219DA009067F /* GlassCard.swift */; };
		EB7D40AABDD0FBD8D93EFD6C /* MiraReadyScreen.swift in Sources */ = {isa = PBXBuildFile; fileRef = 10F44569B68AC65A05C9817B /* MiraReadyScreen.swift */; };
/* End PBXBuildFile section */

/* Begin PBXContainerItemProxy section */
		8BD860982F84549900EEDDAF /* PBXContainerItemProxy */ = {
			isa = PBXContainerItemProxy;
			containerPortal = 8BD860802F84549700EEDDAF /* Project object */;
			proxyType = 1;
			remoteGlobalIDString = 8BD860872F84549700EEDDAF;
			remoteInfo = MemoryAisle2;
		};
		8BD860A22F84549900EEDDAF /* PBXContainerItemProxy */ = {
			isa = PBXContainerItemProxy;
			containerPortal = 8BD860802F84549700EEDDAF /* Project object */;
			proxyType = 1;
			remoteGlobalIDString = 8BD860872F84549700EEDDAF;
			remoteInfo = MemoryAisle2;
		};
/* End PBXContainerItemProxy section */

/* Begin PBXFileReference section */
		08684086A4EF69ABBFB80CB1 /* InjectionCycleBar.swift */ = {isa = PBXFileReference; lastKnownFileType = sourcecode.swift; name = InjectionCycleBar.swift; path = MemoryAisle2/Features/Home/InjectionCycleBar.swift; sourceTree = SOURCE_ROOT; };
		10F44569B68AC65A05C9817B /* MiraReadyScreen.swift */ = {isa = PBXFileReference; lastKnownFileType = sourcecode.swift; name = MiraReadyScreen.swift; path = MemoryAisle2/Features/Onboarding/MiraReadyScreen.swift; sourceTree = SOURCE_ROOT; };
		123744ECA42A55A09346F5E1 /* MemoryAisleApp.swift */ = {isa = PBXFileReference; lastKnownFileType = sourcecode.swift; name = MemoryAisleApp.swift; path = MemoryAisle2/App/MemoryAisleApp.swift; sourceTree = SOURCE_ROOT; };
		14B84BCDB1ED542FDE2C9CAE /* DietaryScreen.swift */ = {isa = PBXFileReference; lastKnownFileType = sourcecode.swift; name = DietaryScreen.swift; path = MemoryAisle2/Features/Onboarding/DietaryScreen.swift; sourceTree = SOURCE_ROOT; };
		1ACA4F318F8CE8FB52EB4349 /* MiraIntroScreen.swift */ = {isa = PBXFileReference; lastKnownFileType = sourcecode.swift; name = MiraIntroScreen.swift; path = MemoryAisle2/Features/Onboarding/MiraIntroScreen.swift; sourceTree = SOURCE_ROOT; };
		216B48748807B1685CA46DEF /* UpgradePrompt.swift */ = {isa = PBXFileReference; lastKnownFileType = sourcecode.swift; name = UpgradePrompt.swift; path = MemoryAisle2/Features/Subscription/UpgradePrompt.swift; sourceTree = SOURCE_ROOT; };
		299B49FB9621C6BB76354F28 /* ScanView.swift */ = {isa = PBXFileReference; lastKnownFileType = sourcecode.swift; name = ScanView.swift; path = MemoryAisle2/Features/Scan/ScanView.swift; sourceTree = SOURCE_ROOT; };
		2D3E416CBF0A88F494A4F026 /* SymptomQuickLog.swift */ = {isa = PBXFileReference; lastKnownFileType = sourcecode.swift; name = SymptomQuickLog.swift; path = MemoryAisle2/Features/Home/SymptomQuickLog.swift; sourceTree = SOURCE_ROOT; };
		2E3147B3BF898D3DDDB5B8C0 /* HapticManager.swift */ = {isa = PBXFileReference; lastKnownFileType = sourcecode.swift; name = HapticManager.swift; path = MemoryAisle2/DesignSystem/HapticManager.swift; sourceTree = SOURCE_ROOT; };
		305B45C49B37D2415184B6FD /* Theme.swift */ = {isa = PBXFileReference; lastKnownFileType = sourcecode.swift; name = Theme.swift; path = MemoryAisle2/DesignSystem/Theme.swift; sourceTree = SOURCE_ROOT; };
		422B4FB18280E567E3AC2431 /* ProteinCalculator.swift */ = {isa = PBXFileReference; lastKnownFileType = sourcecode.swift; name = ProteinCalculator.swift; path = MemoryAisle2/Services/Nutrition/ProteinCalculator.swift; sourceTree = SOURCE_ROOT; };
		44C248E08E9AA60A7305A3C6 /* MiraWaveform.swift */ = {isa = PBXFileReference; lastKnownFileType = sourcecode.swift; name = MiraWaveform.swift; path = MemoryAisle2/DesignSystem/MiraWaveform.swift; sourceTree = SOURCE_ROOT; };
		4BAA4CB08A7717EE5D125AF1 /* HomeView.swift */ = {isa = PBXFileReference; lastKnownFileType = sourcecode.swift; name = HomeView.swift; path = MemoryAisle2/Features/Home/HomeView.swift; sourceTree = SOURCE_ROOT; };
		4D674F82B74DB0A621E6447D /* HealthKitManager.swift */ = {isa = PBXFileReference; lastKnownFileType = sourcecode.swift; name = HealthKitManager.swift; path = MemoryAisle2/Services/Health/HealthKitManager.swift; sourceTree = SOURCE_ROOT; };
		4DC345C68315E39FD1CF0163 /* GlowButton.swift */ = {isa = PBXFileReference; lastKnownFileType = sourcecode.swift; name = GlowButton.swift; path = MemoryAisle2/DesignSystem/GlowButton.swift; sourceTree = SOURCE_ROOT; };
		506240CE835185D510251C6C /* GlassCardStrong.swift */ = {isa = PBXFileReference; lastKnownFileType = sourcecode.swift; name = GlassCardStrong.swift; path = MemoryAisle2/DesignSystem/GlassCardStrong.swift; sourceTree = SOURCE_ROOT; };
		52C6489781332BE91C67639C /* InjectionCycleEngine.swift */ = {isa = PBXFileReference; lastKnownFileType = sourcecode.swift; name = InjectionCycleEngine.swift; path = MemoryAisle2/Services/Medication/InjectionCycleEngine.swift; sourceTree = SOURCE_ROOT; };
		57294B48A8131AD09B33F510 /* ScanResultView.swift */ = {isa = PBXFileReference; lastKnownFileType = sourcecode.swift; name = ScanResultView.swift; path = MemoryAisle2/Features/Scan/ScanResultView.swift; sourceTree = SOURCE_ROOT; };
		5B294492BE492FD71C0C6523 /* UserProfile.swift */ = {isa = PBXFileReference; lastKnownFileType = sourcecode.swift; name = UserProfile.swift; path = MemoryAisle2/Models/UserProfile.swift; sourceTree = SOURCE_ROOT; };
		5CE14476936BC7AFA255BE8B /* MedicationSelectScreen.swift */ = {isa = PBXFileReference; lastKnownFileType = sourcecode.swift; name = MedicationSelectScreen.swift; path = MemoryAisle2/Features/Onboarding/MedicationSelectScreen.swift; sourceTree = SOURCE_ROOT; };
		68424357A33FA4E35A837E5F /* VioletButton.swift */ = {isa = PBXFileReference; lastKnownFileType = sourcecode.swift; name = VioletButton.swift; path = MemoryAisle2/DesignSystem/VioletButton.swift; sourceTree = SOURCE_ROOT; };
		6C874F039772E554343A8C35 /* WorriesScreen.swift */ = {isa = PBXFileReference; lastKnownFileType = sourcecode.swift; name = WorriesScreen.swift; path = MemoryAisle2/Features/Onboarding/WorriesScreen.swift; sourceTree = SOURCE_ROOT; };
		772C4DFAAFDE50412197536B /* NutritionLog.swift */ = {isa = PBXFileReference; lastKnownFileType = sourcecode.swift; name = NutritionLog.swift; path = MemoryAisle2/Models/NutritionLog.swift; sourceTree = SOURCE_ROOT; };
		788343C2BD56EA9C54361D80 /* ProfileView.swift */ = {isa = PBXFileReference; lastKnownFileType = sourcecode.swift; name = ProfileView.swift; path = MemoryAisle2/Features/Profile/ProfileView.swift; sourceTree = SOURCE_ROOT; };
		7FC74B4D8A9E864DC85E9D66 /* GhostButton.swift */ = {isa = PBXFileReference; lastKnownFileType = sourcecode.swift; name = GhostButton.swift; path = MemoryAisle2/DesignSystem/GhostButton.swift; sourceTree = SOURCE_ROOT; };
		849648448FD61E9F718CA956 /* PaywallView.swift */ = {isa = PBXFileReference; lastKnownFileType = sourcecode.swift; name = PaywallView.swift; path = MemoryAisle2/Features/Subscription/PaywallView.swift; sourceTree = SOURCE_ROOT; };
		855E4985B7567EEB6D505C70 /* SymptomLog.swift */ = {isa = PBXFileReference; lastKnownFileType = sourcecode.swift; name = SymptomLog.swift; path = MemoryAisle2/Models/SymptomLog.swift; sourceTree = SOURCE_ROOT; };
		8BD860882F84549700EEDDAF /* MemoryAisle2.app */ = {isa = PBXFileReference; explicitFileType = wrapper.application; includeInIndex = 0; path = MemoryAisle2.app; sourceTree = BUILT_PRODUCTS_DIR; };
		8BD860972F84549900EEDDAF /* MemoryAisle2Tests.xctest */ = {isa = PBXFileReference; explicitFileType = wrapper.cfbundle; includeInIndex = 0; path = MemoryAisle2Tests.xctest; sourceTree = BUILT_PRODUCTS_DIR; };
		8BD860A12F84549900EEDDAF /* MemoryAisle2UITests.xctest */ = {isa = PBXFileReference; explicitFileType = wrapper.cfbundle; includeInIndex = 0; path = MemoryAisle2UITests.xctest; sourceTree = BUILT_PRODUCTS_DIR; };
		9AF045FC987D6FB0515F538B /* PillBadge.swift */ = {isa = PBXFileReference; lastKnownFileType = sourcecode.swift; name = PillBadge.swift; path = MemoryAisle2/DesignSystem/PillBadge.swift; sourceTree = SOURCE_ROOT; };
		A1B4411BA2BB7A820A97EA91 /* MainTabView.swift */ = {isa = PBXFileReference; lastKnownFileType = sourcecode.swift; name = MainTabView.swift; path = MemoryAisle2/App/MainTabView.swift; sourceTree = SOURCE_ROOT; };
		A1B848AC9825476CBEEC85AC /* GroceryListView.swift */ = {isa = PBXFileReference; lastKnownFileType = sourcecode.swift; name = GroceryListView.swift; path = MemoryAisle2/Features/Scan/GroceryListView.swift; sourceTree = SOURCE_ROOT; };
		AB4B4328BA122E1C6F872308 /* SubscriptionManager.swift */ = {isa = PBXFileReference; lastKnownFileType = sourcecode.swift; name = SubscriptionManager.swift; path = MemoryAisle2/Services/Subscription/SubscriptionManager.swift; sourceTree = SOURCE_ROOT; };
		AD54425B8FD9D8774489B4E9 /* DoseTimingScreen.swift */ = {isa = PBXFileReference; lastKnownFileType = sourcecode.swift; name = DoseTimingScreen.swift; path = MemoryAisle2/Features/Onboarding/DoseTimingScreen.swift; sourceTree = SOURCE_ROOT; };
		C4F34CE68E708E9C7A175CA2 /* NotificationScheduler.swift */ = {isa = PBXFileReference; lastKnownFileType = sourcecode.swift; name = NotificationScheduler.swift; path = MemoryAisle2/Services/System/NotificationScheduler.swift; sourceTree = SOURCE_ROOT; };
		C892475BA9FF13903B47A6DC /* MealsView.swift */ = {isa = PBXFileReference; lastKnownFileType = sourcecode.swift; name = MealsView.swift; path = MemoryAisle2/Features/Meals/MealsView.swift; sourceTree = SOURCE_ROOT; };
		D4F2445794B97475876C58CB /* GLP1CheckScreen.swift */ = {isa = PBXFileReference; lastKnownFileType = sourcecode.swift; name = GLP1CheckScreen.swift; path = MemoryAisle2/Features/Onboarding/GLP1CheckScreen.swift; sourceTree = SOURCE_ROOT; };
		DA1743618E8AE833EBE26DFD /* BarcodeScanner.swift */ = {isa = PBXFileReference; lastKnownFileType = sourcecode.swift; name = BarcodeScanner.swift; path = MemoryAisle2/Services/Grocery/BarcodeScanner.swift; sourceTree = SOURCE_ROOT; };
		DECA4F149FD027EFC35F2456 /* TrainingScreen.swift */ = {isa = PBXFileReference; lastKnownFileType = sourcecode.swift; name = TrainingScreen.swift; path = MemoryAisle2/Features/Onboarding/TrainingScreen.swift; sourceTree = SOURCE_ROOT; };
		E40641D89BFFF7D09BE9FEF8 /* MemoryAisle2.entitlements */ = {isa = PBXFileReference; lastKnownFileType = text.plist.entitlements; name = MemoryAisle2.entitlements; path = MemoryAisle2/MemoryAisle2.entitlements; sourceTree = SOURCE_ROOT; };
		E4914431A658D0E83910C515 /* Typography.swift */ = {isa = PBXFileReference; lastKnownFileType = sourcecode.swift; name = Typography.swift; path = MemoryAisle2/DesignSystem/Typography.swift; sourceTree = SOURCE_ROOT; };
		E6EC4F0883537C29DC32C1B2 /* MiraChatView.swift */ = {isa = PBXFileReference; lastKnownFileType = sourcecode.swift; name = MiraChatView.swift; path = MemoryAisle2/Features/Mira/MiraChatView.swift; sourceTree = SOURCE_ROOT; };
		EB5640B3BABC0F505637F2FC /* ProgressBar.swift */ = {isa = PBXFileReference; lastKnownFileType = sourcecode.swift; name = ProgressBar.swift; path = MemoryAisle2/DesignSystem/ProgressBar.swift; sourceTree = SOURCE_ROOT; };
		EF1B4AE9B7C6E1D574206398 /* ProgressDashboardView.swift */ = {isa = PBXFileReference; lastKnownFileType = sourcecode.swift; name = ProgressDashboardView.swift; path = MemoryAisle2/Features/Progress/ProgressDashboardView.swift; sourceTree = SOURCE_ROOT; };
		EFE54345A69DA4E5A1CD11D4 /* VoiceWaveform.swift */ = {isa = PBXFileReference; lastKnownFileType = sourcecode.swift; name = VoiceWaveform.swift; path = MemoryAisle2/DesignSystem/VoiceWaveform.swift; sourceTree = SOURCE_ROOT; };
		F26E44ADA86F30E9569F1575 /* AppState.swift */ = {isa = PBXFileReference; lastKnownFileType = sourcecode.swift; name = AppState.swift; path = MemoryAisle2/App/AppState.swift; sourceTree = SOURCE_ROOT; };
		F48444BD84D42196D0CC3E22 /* OnboardingFlow.swift */ = {isa = PBXFileReference; lastKnownFileType = sourcecode.swift; name = OnboardingFlow.swift; path = MemoryAisle2/Features/Onboarding/OnboardingFlow.swift; sourceTree = SOURCE_ROOT; };
		F98A435BA82A219DA009067F /* GlassCard.swift */ = {isa = PBXFileReference; lastKnownFileType = sourcecode.swift; name = GlassCard.swift; path = MemoryAisle2/DesignSystem/GlassCard.swift; sourceTree = SOURCE_ROOT; };
/* End PBXFileReference section */

/* Begin PBXFileSystemSynchronizedRootGroup section */
		8BD8608A2F84549700EEDDAF /* MemoryAisle2 */ = {isa = PBXFileSystemSynchronizedRootGroup; path = MemoryAisle2; sourceTree = "<group>"; };
		8BD8609A2F84549900EEDDAF /* MemoryAisle2Tests */ = {isa = PBXFileSystemSynchronizedRootGroup; path = MemoryAisle2Tests; sourceTree = "<group>"; };
		8BD860A42F84549900EEDDAF /* MemoryAisle2UITests */ = {isa = PBXFileSystemSynchronizedRootGroup; path = MemoryAisle2UITests; sourceTree = "<group>"; };
/* End PBXFileSystemSynchronizedRootGroup section */

/* Begin PBXFrameworksBuildPhase section */
		8BD860852F84549700EEDDAF /* Frameworks */ = {
			isa = PBXFrameworksBuildPhase;
			buildActionMask = 2147483647;
			files = (
			);
			runOnlyForDeploymentPostprocessing = 0;
		};
		8BD860942F84549900EEDDAF /* Frameworks */ = {
			isa = PBXFrameworksBuildPhase;
			buildActionMask = 2147483647;
			files = (
			);
			runOnlyForDeploymentPostprocessing = 0;
		};
		8BD8609E2F84549900EEDDAF /* Frameworks */ = {
			isa = PBXFrameworksBuildPhase;
			buildActionMask = 2147483647;
			files = (
			);
			runOnlyForDeploymentPostprocessing = 0;
		};
/* End PBXFrameworksBuildPhase section */

/* Begin PBXGroup section */
		8BD8607F2F84549700EEDDAF = {
			isa = PBXGroup;
			children = (
				8BD8608A2F84549700EEDDAF /* MemoryAisle2 */,
				8BD8609A2F84549900EEDDAF /* MemoryAisle2Tests */,
				8BD860A42F84549900EEDDAF /* MemoryAisle2UITests */,
				8BD860892F84549700EEDDAF /* Products */,
				E4914431A658D0E83910C515 /* Typography.swift */,
				7FC74B4D8A9E864DC85E9D66 /* GhostButton.swift */,
				2E3147B3BF898D3DDDB5B8C0 /* HapticManager.swift */,
				F98A435BA82A219DA009067F /* GlassCard.swift */,
				9AF045FC987D6FB0515F538B /* PillBadge.swift */,
				EB5640B3BABC0F505637F2FC /* ProgressBar.swift */,
				EFE54345A69DA4E5A1CD11D4 /* VoiceWaveform.swift */,
				44C248E08E9AA60A7305A3C6 /* MiraWaveform.swift */,
				68424357A33FA4E35A837E5F /* VioletButton.swift */,
				305B45C49B37D2415184B6FD /* Theme.swift */,
				506240CE835185D510251C6C /* GlassCardStrong.swift */,
				F26E44ADA86F30E9569F1575 /* AppState.swift */,
				A1B4411BA2BB7A820A97EA91 /* MainTabView.swift */,
				123744ECA42A55A09346F5E1 /* MemoryAisleApp.swift */,
				4BAA4CB08A7717EE5D125AF1 /* HomeView.swift */,
				EF1B4AE9B7C6E1D574206398 /* ProgressDashboardView.swift */,
				E6EC4F0883537C29DC32C1B2 /* MiraChatView.swift */,
				299B49FB9621C6BB76354F28 /* ScanView.swift */,
				C892475BA9FF13903B47A6DC /* MealsView.swift */,
				52C6489781332BE91C67639C /* InjectionCycleEngine.swift */,
				422B4FB18280E567E3AC2431 /* ProteinCalculator.swift */,
				08684086A4EF69ABBFB80CB1 /* InjectionCycleBar.swift */,
				A1B848AC9825476CBEEC85AC /* GroceryListView.swift */,
				F48444BD84D42196D0CC3E22 /* OnboardingFlow.swift */,
				1ACA4F318F8CE8FB52EB4349 /* MiraIntroScreen.swift */,
				D4F2445794B97475876C58CB /* GLP1CheckScreen.swift */,
				5CE14476936BC7AFA255BE8B /* MedicationSelectScreen.swift */,
				AD54425B8FD9D8774489B4E9 /* DoseTimingScreen.swift */,
				6C874F039772E554343A8C35 /* WorriesScreen.swift */,
				DECA4F149FD027EFC35F2456 /* TrainingScreen.swift */,
				14B84BCDB1ED542FDE2C9CAE /* DietaryScreen.swift */,
				10F44569B68AC65A05C9817B /* MiraReadyScreen.swift */,
				788343C2BD56EA9C54361D80 /* ProfileView.swift */,
				2D3E416CBF0A88F494A4F026 /* SymptomQuickLog.swift */,
				5B294492BE492FD71C0C6523 /* UserProfile.swift */,
				772C4DFAAFDE50412197536B /* NutritionLog.swift */,
				855E4985B7567EEB6D505C70 /* SymptomLog.swift */,
				4DC345C68315E39FD1CF0163 /* GlowButton.swift */,
				DA1743618E8AE833EBE26DFD /* BarcodeScanner.swift */,
				57294B48A8131AD09B33F510 /* ScanResultView.swift */,
				4D674F82B74DB0A621E6447D /* HealthKitManager.swift */,
				C4F34CE68E708E9C7A175CA2 /* NotificationScheduler.swift */,
				E40641D89BFFF7D09BE9FEF8 /* MemoryAisle2.entitlements */,
				AB4B4328BA122E1C6F872308 /* SubscriptionManager.swift */,
				849648448FD61E9F718CA956 /* PaywallView.swift */,
				216B48748807B1685CA46DEF /* UpgradePrompt.swift */,
			);
			sourceTree = "<group>";
		};
		8BD860892F84549700EEDDAF /* Products */ = {
			isa = PBXGroup;
			children = (
				8BD860882F84549700EEDDAF /* MemoryAisle2.app */,
				8BD860972F84549900EEDDAF /* MemoryAisle2Tests.xctest */,
				8BD860A12F84549900EEDDAF /* MemoryAisle2UITests.xctest */,
			);
			name = Products;
			sourceTree = "<group>";
		};
/* End PBXGroup section */

/* Begin PBXNativeTarget section */
		8BD860872F84549700EEDDAF /* MemoryAisle2 */ = {
			isa = PBXNativeTarget;
			buildConfigurationList = 8BD860AB2F84549900EEDDAF /* Build configuration list for PBXNativeTarget "MemoryAisle2" */;
			buildPhases = (
				8BD860842F84549700EEDDAF /* Sources */,
				8BD860852F84549700EEDDAF /* Frameworks */,
				8BD860862F84549700EEDDAF /* Resources */,
			);
			buildRules = (
			);
			dependencies = (
			);
			fileSystemSynchronizedGroups = (
				8BD8608A2F84549700EEDDAF /* MemoryAisle2 */,
			);
			name = MemoryAisle2;
			packageProductDependencies = (
			);
			productName = MemoryAisle2;
			productReference = 8BD860882F84549700EEDDAF /* MemoryAisle2.app */;
			productType = "com.apple.product-type.application";
		};
		8BD860962F84549900EEDDAF /* MemoryAisle2Tests */ = {
			isa = PBXNativeTarget;
			buildConfigurationList = 8BD860AE2F84549900EEDDAF /* Build configuration list for PBXNativeTarget "MemoryAisle2Tests" */;
			buildPhases = (
				8BD860932F84549900EEDDAF /* Sources */,
				8BD860942F84549900EEDDAF /* Frameworks */,
				8BD860952F84549900EEDDAF /* Resources */,
			);
			buildRules = (
			);
			dependencies = (
				8BD860992F84549900EEDDAF /* PBXTargetDependency */,
			);
			fileSystemSynchronizedGroups = (
				8BD8609A2F84549900EEDDAF /* MemoryAisle2Tests */,
			);
			name = MemoryAisle2Tests;
			packageProductDependencies = (
			);
			productName = MemoryAisle2Tests;
			productReference = 8BD860972F84549900EEDDAF /* MemoryAisle2Tests.xctest */;
			productType = "com.apple.product-type.bundle.unit-test";
		};
		8BD860A02F84549900EEDDAF /* MemoryAisle2UITests */ = {
			isa = PBXNativeTarget;
			buildConfigurationList = 8BD860B12F84549900EEDDAF /* Build configuration list for PBXNativeTarget "MemoryAisle2UITests" */;
			buildPhases = (
				8BD8609D2F84549900EEDDAF /* Sources */,
				8BD8609E2F84549900EEDDAF /* Frameworks */,
				8BD8609F2F84549900EEDDAF /* Resources */,
			);
			buildRules = (
			);
			dependencies = (
				8BD860A32F84549900EEDDAF /* PBXTargetDependency */,
			);
			fileSystemSynchronizedGroups = (
				8BD860A42F84549900EEDDAF /* MemoryAisle2UITests */,
			);
			name = MemoryAisle2UITests;
			packageProductDependencies = (
			);
			productName = MemoryAisle2UITests;
			productReference = 8BD860A12F84549900EEDDAF /* MemoryAisle2UITests.xctest */;
			productType = "com.apple.product-type.bundle.ui-testing";
		};
/* End PBXNativeTarget section */

/* Begin PBXProject section */
		8BD860802F84549700EEDDAF /* Project object */ = {
			isa = PBXProject;
			attributes = {
				BuildIndependentTargetsInParallel = 1;
				LastSwiftUpdateCheck = 2640;
				LastUpgradeCheck = 2640;
				TargetAttributes = {
					8BD860872F84549700EEDDAF = {
						CreatedOnToolsVersion = 26.4;
					};
					8BD860962F84549900EEDDAF = {
						CreatedOnToolsVersion = 26.4;
						TestTargetID = 8BD860872F84549700EEDDAF;
					};
					8BD860A02F84549900EEDDAF = {
						CreatedOnToolsVersion = 26.4;
						TestTargetID = 8BD860872F84549700EEDDAF;
					};
				};
			};
			buildConfigurationList = 8BD860832F84549700EEDDAF /* Build configuration list for PBXProject "MemoryAisle2" */;
			developmentRegion = en;
			hasScannedForEncodings = 0;
			knownRegions = (
				en,
				Base,
			);
			mainGroup = 8BD8607F2F84549700EEDDAF;
			minimizedProjectReferenceProxies = 1;
			preferredProjectObjectVersion = 77;
			productRefGroup = 8BD860892F84549700EEDDAF /* Products */;
			projectDirPath = "";
			projectRoot = "";
			targets = (
				8BD860872F84549700EEDDAF /* MemoryAisle2 */,
				8BD860962F84549900EEDDAF /* MemoryAisle2Tests */,
				8BD860A02F84549900EEDDAF /* MemoryAisle2UITests */,
			);
		};
/* End PBXProject section */

/* Begin PBXResourcesBuildPhase section */
		8BD860862F84549700EEDDAF /* Resources */ = {
			isa = PBXResourcesBuildPhase;
			buildActionMask = 2147483647;
			files = (
				12E741F193DFCB2A948D654F /* MemoryAisle2.entitlements in Resources */,
			);
			runOnlyForDeploymentPostprocessing = 0;
		};
		8BD860952F84549900EEDDAF /* Resources */ = {
			isa = PBXResourcesBuildPhase;
			buildActionMask = 2147483647;
			files = (
			);
			runOnlyForDeploymentPostprocessing = 0;
		};
		8BD8609F2F84549900EEDDAF /* Resources */ = {
			isa = PBXResourcesBuildPhase;
			buildActionMask = 2147483647;
			files = (
			);
			runOnlyForDeploymentPostprocessing = 0;
		};
/* End PBXResourcesBuildPhase section */

/* Begin PBXSourcesBuildPhase section */
		8BD860842F84549700EEDDAF /* Sources */ = {
			isa = PBXSourcesBuildPhase;
			buildActionMask = 2147483647;
			files = (
				8785423BB29E7E1CD9D24401 /* Typography.swift in Sources */,
				724343C0916D4253312DD45D /* GhostButton.swift in Sources */,
				AA494640BA532682E9690ADA /* HapticManager.swift in Sources */,
				EB0D4806AF46797110EB5DD5 /* GlassCard.swift in Sources */,
				990B4593A0784906091DFC78 /* PillBadge.swift in Sources */,
				41D94F87A2556F72C519A426 /* ProgressBar.swift in Sources */,
				92B34E16AE21D861A267061A /* VoiceWaveform.swift in Sources */,
				38E64D72A546975168D6065C /* MiraWaveform.swift in Sources */,
				15D24033A54B0142D21998D0 /* VioletButton.swift in Sources */,
				27E4487290A3AD8DEF382E27 /* Theme.swift in Sources */,
				6D194C999E23207924748B5A /* GlassCardStrong.swift in Sources */,
				BB2D4E6FBCACF3C119FB7E42 /* AppState.swift in Sources */,
				A8E34207AC7802EDC23F5C3C /* MainTabView.swift in Sources */,
				07D948479853B38C01937871 /* MemoryAisleApp.swift in Sources */,
				787D402E97B2B3B6C485E349 /* HomeView.swift in Sources */,
				978043A6B06385D88FBBAF21 /* ProgressDashboardView.swift in Sources */,
				161E4891BEA873A25B0338BF /* MiraChatView.swift in Sources */,
				173E4C99A4A0CDE52B4EDB19 /* ScanView.swift in Sources */,
				29A1411E95F5333298515471 /* MealsView.swift in Sources */,
				CB4F48C09299FD5A9FFC2870 /* InjectionCycleEngine.swift in Sources */,
				35A8469C9F00D674C4F6BA7B /* ProteinCalculator.swift in Sources */,
				5E304051B9F328B7C8F4769C /* InjectionCycleBar.swift in Sources */,
				D65C4971B6322037A02C0A25 /* GroceryListView.swift in Sources */,
				E7CF4CFB948DD698D6D6E2BB /* OnboardingFlow.swift in Sources */,
				50874713BECF1D22DA220658 /* MiraIntroScreen.swift in Sources */,
				C5E64D3A845532E38BED40DE /* GLP1CheckScreen.swift in Sources */,
				5E9340EBBA9B4BDE21C0EE5F /* MedicationSelectScreen.swift in Sources */,
				0D46401AA263700B907CB13D /* DoseTimingScreen.swift in Sources */,
				8E6443079E0C541D56131F79 /* WorriesScreen.swift in Sources */,
				165843B493950DBC7100B93E /* TrainingScreen.swift in Sources */,
				A37C465BA6D970C8A59E0461 /* DietaryScreen.swift in Sources */,
				EB7D40AABDD0FBD8D93EFD6C /* MiraReadyScreen.swift in Sources */,
				91034E69BBEDEF052E9BA6E2 /* ProfileView.swift in Sources */,
				E7304B41AF2CF0772C6B0C3A /* SymptomQuickLog.swift in Sources */,
				61FB408C8A563A5351768835 /* UserProfile.swift in Sources */,
				DFEF4DE79F20482A798186B5 /* NutritionLog.swift in Sources */,
				5A5941F2BF7AF5ABD2F6515E /* SymptomLog.swift in Sources */,
				262D4C0187A0D307BC0D0F33 /* GlowButton.swift in Sources */,
				DCCC4A29A9894D6ADD219F3B /* BarcodeScanner.swift in Sources */,
				A6CB4EACBFA9DB5FC3A5CC97 /* ScanResultView.swift in Sources */,
				82B744599DD7DCD3009C02FE /* HealthKitManager.swift in Sources */,
				B55B4F0DA22D52DE7EEF5FF6 /* NotificationScheduler.swift in Sources */,
				E0D14E23BF2076C3D705B767 /* SubscriptionManager.swift in Sources */,
				870243C8847C703B75F5AC77 /* PaywallView.swift in Sources */,
				1F954129BB47E10F320E12BF /* UpgradePrompt.swift in Sources */,
			);
			runOnlyForDeploymentPostprocessing = 0;
		};
		8BD860932F84549900EEDDAF /* Sources */ = {
			isa = PBXSourcesBuildPhase;
			buildActionMask = 2147483647;
			files = (
			);
			runOnlyForDeploymentPostprocessing = 0;
		};
		8BD8609D2F84549900EEDDAF /* Sources */ = {
			isa = PBXSourcesBuildPhase;
			buildActionMask = 2147483647;
			files = (
			);
			runOnlyForDeploymentPostprocessing = 0;
		};
/* End PBXSourcesBuildPhase section */

/* Begin PBXTargetDependency section */
		8BD860992F84549900EEDDAF /* PBXTargetDependency */ = {
			isa = PBXTargetDependency;
			target = 8BD860872F84549700EEDDAF /* MemoryAisle2 */;
			targetProxy = 8BD860982F84549900EEDDAF /* PBXContainerItemProxy */;
		};
		8BD860A32F84549900EEDDAF /* PBXTargetDependency */ = {
			isa = PBXTargetDependency;
			target = 8BD860872F84549700EEDDAF /* MemoryAisle2 */;
			targetProxy = 8BD860A22F84549900EEDDAF /* PBXContainerItemProxy */;
		};
/* End PBXTargetDependency section */

/* Begin XCBuildConfiguration section */
		8BD860A92F84549900EEDDAF /* Debug */ = {
			isa = XCBuildConfiguration;
			buildSettings = {
				ALWAYS_SEARCH_USER_PATHS = NO;
				ASSETCATALOG_COMPILER_GENERATE_SWIFT_ASSET_SYMBOL_EXTENSIONS = YES;
				CLANG_ANALYZER_NONNULL = YES;
				CLANG_ANALYZER_NUMBER_OBJECT_CONVERSION = YES_AGGRESSIVE;
				CLANG_CXX_LANGUAGE_STANDARD = "gnu++20";
				CLANG_ENABLE_MODULES = YES;
				CLANG_ENABLE_OBJC_ARC = YES;
				CLANG_ENABLE_OBJC_WEAK = YES;
				CLANG_WARN_BLOCK_CAPTURE_AUTORELEASING = YES;
				CLANG_WARN_BOOL_CONVERSION = YES;
				CLANG_WARN_COMMA = YES;
				CLANG_WARN_CONSTANT_CONVERSION = YES;
				CLANG_WARN_DEPRECATED_OBJC_IMPLEMENTATIONS = YES;
				CLANG_WARN_DIRECT_OBJC_ISA_USAGE = YES_ERROR;
				CLANG_WARN_DOCUMENTATION_COMMENTS = YES;
				CLANG_WARN_EMPTY_BODY = YES;
				CLANG_WARN_ENUM_CONVERSION = YES;
				CLANG_WARN_INFINITE_RECURSION = YES;
				CLANG_WARN_INT_CONVERSION = YES;
				CLANG_WARN_NON_LITERAL_NULL_CONVERSION = YES;
				CLANG_WARN_OBJC_IMPLICIT_RETAIN_SELF = YES;
				CLANG_WARN_OBJC_LITERAL_CONVERSION = YES;
				CLANG_WARN_OBJC_ROOT_CLASS = YES_ERROR;
				CLANG_WARN_QUOTED_INCLUDE_IN_FRAMEWORK_HEADER = YES;
				CLANG_WARN_RANGE_LOOP_ANALYSIS = YES;
				CLANG_WARN_STRICT_PROTOTYPES = YES;
				CLANG_WARN_SUSPICIOUS_MOVE = YES;
				CLANG_WARN_UNGUARDED_AVAILABILITY = YES_AGGRESSIVE;
				CLANG_WARN_UNREACHABLE_CODE = YES;
				CLANG_WARN__DUPLICATE_METHOD_MATCH = YES;
				COPY_PHASE_STRIP = NO;
				DEBUG_INFORMATION_FORMAT = dwarf;
				DEVELOPMENT_TEAM = A2RL4W62BR;
				ENABLE_STRICT_OBJC_MSGSEND = YES;
				ENABLE_TESTABILITY = YES;
				ENABLE_USER_SCRIPT_SANDBOXING = YES;
				GCC_C_LANGUAGE_STANDARD = gnu17;
				GCC_DYNAMIC_NO_PIC = NO;
				GCC_NO_COMMON_BLOCKS = YES;
				GCC_OPTIMIZATION_LEVEL = 0;
				GCC_PREPROCESSOR_DEFINITIONS = (
					"DEBUG=1",
					"$(inherited)",
				);
				GCC_TREAT_WARNINGS_AS_ERRORS = YES;
				GCC_WARN_64_TO_32_BIT_CONVERSION = YES;
				GCC_WARN_ABOUT_RETURN_TYPE = YES_ERROR;
				GCC_WARN_UNDECLARED_SELECTOR = YES;
				GCC_WARN_UNINITIALIZED_AUTOS = YES_AGGRESSIVE;
				GCC_WARN_UNUSED_FUNCTION = YES;
				GCC_WARN_UNUSED_VARIABLE = YES;
				IPHONEOS_DEPLOYMENT_TARGET = 26.4;
				LOCALIZATION_PREFERS_STRING_CATALOGS = YES;
				MTL_ENABLE_DEBUG_INFO = INCLUDE_SOURCE;
				MTL_FAST_MATH = YES;
				ONLY_ACTIVE_ARCH = YES;
				SDKROOT = iphoneos;
				SWIFT_ACTIVE_COMPILATION_CONDITIONS = "DEBUG $(inherited)";
				SWIFT_OPTIMIZATION_LEVEL = "-Onone";
				SWIFT_TREAT_WARNINGS_AS_ERRORS = YES;
			};
			name = Debug;
		};
		8BD860AA2F84549900EEDDAF /* Release */ = {
			isa = XCBuildConfiguration;
			buildSettings = {
				ALWAYS_SEARCH_USER_PATHS = NO;
				ASSETCATALOG_COMPILER_GENERATE_SWIFT_ASSET_SYMBOL_EXTENSIONS = YES;
				CLANG_ANALYZER_NONNULL = YES;
				CLANG_ANALYZER_NUMBER_OBJECT_CONVERSION = YES_AGGRESSIVE;
				CLANG_CXX_LANGUAGE_STANDARD = "gnu++20";
				CLANG_ENABLE_MODULES = YES;
				CLANG_ENABLE_OBJC_ARC = YES;
				CLANG_ENABLE_OBJC_WEAK = YES;
				CLANG_WARN_BLOCK_CAPTURE_AUTORELEASING = YES;
				CLANG_WARN_BOOL_CONVERSION = YES;
				CLANG_WARN_COMMA = YES;
				CLANG_WARN_CONSTANT_CONVERSION = YES;
				CLANG_WARN_DEPRECATED_OBJC_IMPLEMENTATIONS = YES;
				CLANG_WARN_DIRECT_OBJC_ISA_USAGE = YES_ERROR;
				CLANG_WARN_DOCUMENTATION_COMMENTS = YES;
				CLANG_WARN_EMPTY_BODY = YES;
				CLANG_WARN_ENUM_CONVERSION = YES;
				CLANG_WARN_INFINITE_RECURSION = YES;
				CLANG_WARN_INT_CONVERSION = YES;
				CLANG_WARN_NON_LITERAL_NULL_CONVERSION = YES;
				CLANG_WARN_OBJC_IMPLICIT_RETAIN_SELF = YES;
				CLANG_WARN_OBJC_LITERAL_CONVERSION = YES;
				CLANG_WARN_OBJC_ROOT_CLASS = YES_ERROR;
				CLANG_WARN_QUOTED_INCLUDE_IN_FRAMEWORK_HEADER = YES;
				CLANG_WARN_RANGE_LOOP_ANALYSIS = YES;
				CLANG_WARN_STRICT_PROTOTYPES = YES;
				CLANG_WARN_SUSPICIOUS_MOVE = YES;
				CLANG_WARN_UNGUARDED_AVAILABILITY = YES_AGGRESSIVE;
				CLANG_WARN_UNREACHABLE_CODE = YES;
				CLANG_WARN__DUPLICATE_METHOD_MATCH = YES;
				COPY_PHASE_STRIP = NO;
				DEBUG_INFORMATION_FORMAT = "dwarf-with-dsym";
				DEVELOPMENT_TEAM = A2RL4W62BR;
				ENABLE_NS_ASSERTIONS = NO;
				ENABLE_STRICT_OBJC_MSGSEND = YES;
				ENABLE_USER_SCRIPT_SANDBOXING = YES;
				GCC_C_LANGUAGE_STANDARD = gnu17;
				GCC_NO_COMMON_BLOCKS = YES;
				GCC_TREAT_WARNINGS_AS_ERRORS = YES;
				GCC_WARN_64_TO_32_BIT_CONVERSION = YES;
				GCC_WARN_ABOUT_RETURN_TYPE = YES_ERROR;
				GCC_WARN_UNDECLARED_SELECTOR = YES;
				GCC_WARN_UNINITIALIZED_AUTOS = YES_AGGRESSIVE;
				GCC_WARN_UNUSED_FUNCTION = YES;
				GCC_WARN_UNUSED_VARIABLE = YES;
				IPHONEOS_DEPLOYMENT_TARGET = 26.4;
				LOCALIZATION_PREFERS_STRING_CATALOGS = YES;
				MTL_ENABLE_DEBUG_INFO = NO;
				MTL_FAST_MATH = YES;
				SDKROOT = iphoneos;
				SWIFT_COMPILATION_MODE = wholemodule;
				SWIFT_TREAT_WARNINGS_AS_ERRORS = YES;
				VALIDATE_PRODUCT = YES;
			};
			name = Release;
		};
		8BD860AC2F84549900EEDDAF /* Debug */ = {
			isa = XCBuildConfiguration;
			buildSettings = {
				ASSETCATALOG_COMPILER_APPICON_NAME = AppIcon;
				ASSETCATALOG_COMPILER_GLOBAL_ACCENT_COLOR_NAME = AccentColor;
				CODE_SIGN_ENTITLEMENTS = MemoryAisle2/MemoryAisle2.entitlements;
				CODE_SIGN_STYLE = Automatic;
				CURRENT_PROJECT_VERSION = 1;
				DEVELOPMENT_TEAM = A2RL4W62BR;
				ENABLE_PREVIEWS = YES;
				GCC_TREAT_WARNINGS_AS_ERRORS = YES;
				GENERATE_INFOPLIST_FILE = YES;
				INFOPLIST_KEY_LSApplicationCategoryType = "public.app-category.healthcare-fitness";
				INFOPLIST_KEY_NSCameraUsageDescription = "MemoryAisle needs camera access to scan food barcodes and analyze meals.";
				INFOPLIST_KEY_NSHealthShareUsageDescription = "MemoryAisle reads your weight and body composition to personalize protein targets and track progress.";
				INFOPLIST_KEY_NSMicrophoneUsageDescription = "MemoryAisle uses the microphone for voice conversations with Mira.";
				INFOPLIST_KEY_UIApplicationSceneManifest_Generation = YES;
				INFOPLIST_KEY_UIApplicationSupportsIndirectInputEvents = YES;
				INFOPLIST_KEY_UILaunchScreen_Generation = YES;
				INFOPLIST_KEY_UISupportedInterfaceOrientations_iPad = "UIInterfaceOrientationPortrait UIInterfaceOrientationPortraitUpsideDown UIInterfaceOrientationLandscapeLeft UIInterfaceOrientationLandscapeRight";
				INFOPLIST_KEY_UISupportedInterfaceOrientations_iPhone = "UIInterfaceOrientationPortrait UIInterfaceOrientationLandscapeLeft UIInterfaceOrientationLandscapeRight";
				LD_RUNPATH_SEARCH_PATHS = (
					"$(inherited)",
					"@executable_path/Frameworks",
				);
				LIBRARY_SEARCH_PATHS = (
					"$(SRCROOT)/MemoryAisle2/DesignSystem",
					"$(SRCROOT)/MemoryAisle2/App",
					"$(SRCROOT)/MemoryAisle2/Features/Home",
					"$(SRCROOT)/MemoryAisle2/Features/Progress",
					"$(SRCROOT)/MemoryAisle2/Features/Mira",
					"$(SRCROOT)/MemoryAisle2/Features/Scan",
					"$(SRCROOT)/MemoryAisle2/Features/Meals",
					"$(SRCROOT)/Models",
					"$(SRCROOT)/Features/Home",
					"$(SRCROOT)/Features/Progress",
					"$(SRCROOT)/Features/Mira",
					"$(SRCROOT)/Features/Scan",
					"$(SRCROOT)/Features/Profile",
					"$(SRCROOT)/Features/Meals",
					"$(SRCROOT)/Features/Onboarding",
					"$(SRCROOT)/MemoryAisle2/Services/Medication",
					"$(SRCROOT)/MemoryAisle2/Services/Nutrition",
					"$(SRCROOT)/MemoryAisle2/Features/Onboarding",
					"$(SRCROOT)/MemoryAisle2/Features/Profile",
					"$(SRCROOT)/MemoryAisle2/Models",
					"$(SRCROOT)/MemoryAisle2/Services/Grocery",
					"$(SRCROOT)/MemoryAisle2/Services/Health",
					"$(SRCROOT)/MemoryAisle2/Services/System",
					"$(SRCROOT)/MemoryAisle2",
					"$(SRCROOT)/MemoryAisle2/Services/Subscription",
					"$(SRCROOT)/MemoryAisle2/Features/Subscription",
				);
				MARKETING_VERSION = 1.0;
				PRODUCT_BUNDLE_IDENTIFIER = com.sltrdigital.MemoryAisle2;
				PRODUCT_NAME = "$(TARGET_NAME)";
				STRING_CATALOG_GENERATE_SYMBOLS = YES;
				SWIFT_APPROACHABLE_CONCURRENCY = YES;
				SWIFT_DEFAULT_ACTOR_ISOLATION = MainActor;
				SWIFT_EMIT_LOC_STRINGS = YES;
				SWIFT_TREAT_WARNINGS_AS_ERRORS = YES;
				SWIFT_UPCOMING_FEATURE_MEMBER_IMPORT_VISIBILITY = YES;
				SWIFT_VERSION = 6.0;
				TARGETED_DEVICE_FAMILY = "1,2";
			};
			name = Debug;
		};
		8BD860AD2F84549900EEDDAF /* Release */ = {
			isa = XCBuildConfiguration;
			buildSettings = {
				ASSETCATALOG_COMPILER_APPICON_NAME = AppIcon;
				ASSETCATALOG_COMPILER_GLOBAL_ACCENT_COLOR_NAME = AccentColor;
				CODE_SIGN_ENTITLEMENTS = MemoryAisle2/MemoryAisle2.entitlements;
				CODE_SIGN_STYLE = Automatic;
				CURRENT_PROJECT_VERSION = 1;
				DEVELOPMENT_TEAM = A2RL4W62BR;
				ENABLE_PREVIEWS = YES;
				GCC_TREAT_WARNINGS_AS_ERRORS = YES;
				GENERATE_INFOPLIST_FILE = YES;
				INFOPLIST_KEY_LSApplicationCategoryType = "public.app-category.healthcare-fitness";
				INFOPLIST_KEY_NSCameraUsageDescription = "MemoryAisle needs camera access to scan food barcodes and analyze meals.";
				INFOPLIST_KEY_NSHealthShareUsageDescription = "MemoryAisle reads your weight and body composition to personalize protein targets and track progress.";
				INFOPLIST_KEY_NSMicrophoneUsageDescription = "MemoryAisle uses the microphone for voice conversations with Mira.";
				INFOPLIST_KEY_UIApplicationSceneManifest_Generation = YES;
				INFOPLIST_KEY_UIApplicationSupportsIndirectInputEvents = YES;
				INFOPLIST_KEY_UILaunchScreen_Generation = YES;
				INFOPLIST_KEY_UISupportedInterfaceOrientations_iPad = "UIInterfaceOrientationPortrait UIInterfaceOrientationPortraitUpsideDown UIInterfaceOrientationLandscapeLeft UIInterfaceOrientationLandscapeRight";
				INFOPLIST_KEY_UISupportedInterfaceOrientations_iPhone = "UIInterfaceOrientationPortrait UIInterfaceOrientationLandscapeLeft UIInterfaceOrientationLandscapeRight";
				LD_RUNPATH_SEARCH_PATHS = (
					"$(inherited)",
					"@executable_path/Frameworks",
				);
				LIBRARY_SEARCH_PATHS = (
					"$(SRCROOT)/MemoryAisle2/DesignSystem",
					"$(SRCROOT)/MemoryAisle2/App",
					"$(SRCROOT)/MemoryAisle2/Features/Home",
					"$(SRCROOT)/MemoryAisle2/Features/Progress",
					"$(SRCROOT)/MemoryAisle2/Features/Mira",
					"$(SRCROOT)/MemoryAisle2/Features/Scan",
					"$(SRCROOT)/MemoryAisle2/Features/Meals",
					"$(SRCROOT)/Models",
					"$(SRCROOT)/Features/Home",
					"$(SRCROOT)/Features/Progress",
					"$(SRCROOT)/Features/Mira",
					"$(SRCROOT)/Features/Scan",
					"$(SRCROOT)/Features/Profile",
					"$(SRCROOT)/Features/Meals",
					"$(SRCROOT)/Features/Onboarding",
					"$(SRCROOT)/MemoryAisle2/Services/Medication",
					"$(SRCROOT)/MemoryAisle2/Services/Nutrition",
					"$(SRCROOT)/MemoryAisle2/Features/Onboarding",
					"$(SRCROOT)/MemoryAisle2/Features/Profile",
					"$(SRCROOT)/MemoryAisle2/Models",
					"$(SRCROOT)/MemoryAisle2/Services/Grocery",
					"$(SRCROOT)/MemoryAisle2/Services/Health",
					"$(SRCROOT)/MemoryAisle2/Services/System",
					"$(SRCROOT)/MemoryAisle2",
					"$(SRCROOT)/MemoryAisle2/Services/Subscription",
					"$(SRCROOT)/MemoryAisle2/Features/Subscription",
				);
				MARKETING_VERSION = 1.0;
				PRODUCT_BUNDLE_IDENTIFIER = com.sltrdigital.MemoryAisle2;
				PRODUCT_NAME = "$(TARGET_NAME)";
				STRING_CATALOG_GENERATE_SYMBOLS = YES;
				SWIFT_APPROACHABLE_CONCURRENCY = YES;
				SWIFT_DEFAULT_ACTOR_ISOLATION = MainActor;
				SWIFT_EMIT_LOC_STRINGS = YES;
				SWIFT_TREAT_WARNINGS_AS_ERRORS = YES;
				SWIFT_UPCOMING_FEATURE_MEMBER_IMPORT_VISIBILITY = YES;
				SWIFT_VERSION = 6.0;
				TARGETED_DEVICE_FAMILY = "1,2";
			};
			name = Release;
		};
		8BD860AF2F84549900EEDDAF /* Debug */ = {
			isa = XCBuildConfiguration;
			buildSettings = {
				BUNDLE_LOADER = "$(TEST_HOST)";
				CODE_SIGN_STYLE = Automatic;
				CURRENT_PROJECT_VERSION = 1;
				DEVELOPMENT_TEAM = A2RL4W62BR;
				GENERATE_INFOPLIST_FILE = YES;
				IPHONEOS_DEPLOYMENT_TARGET = 26.4;
				LIBRARY_SEARCH_PATHS = (
					"$(SRCROOT)/MemoryAisle2/DesignSystem",
					"$(SRCROOT)/MemoryAisle2/App",
					"$(SRCROOT)/MemoryAisle2/Features/Home",
					"$(SRCROOT)/MemoryAisle2/Features/Progress",
					"$(SRCROOT)/MemoryAisle2/Features/Mira",
					"$(SRCROOT)/MemoryAisle2/Features/Scan",
					"$(SRCROOT)/MemoryAisle2/Features/Meals",
					"$(SRCROOT)/Models",
					"$(SRCROOT)/Features/Home",
					"$(SRCROOT)/Features/Progress",
					"$(SRCROOT)/Features/Mira",
					"$(SRCROOT)/Features/Scan",
					"$(SRCROOT)/Features/Profile",
					"$(SRCROOT)/Features/Meals",
					"$(SRCROOT)/Features/Onboarding",
					"$(SRCROOT)/MemoryAisle2/Services/Medication",
					"$(SRCROOT)/MemoryAisle2/Services/Nutrition",
					"$(SRCROOT)/MemoryAisle2/Features/Onboarding",
					"$(SRCROOT)/MemoryAisle2/Features/Profile",
					"$(SRCROOT)/MemoryAisle2/Models",
					"$(SRCROOT)/MemoryAisle2/Services/Grocery",
					"$(SRCROOT)/MemoryAisle2/Services/Health",
					"$(SRCROOT)/MemoryAisle2/Services/System",
					"$(SRCROOT)/MemoryAisle2",
					"$(SRCROOT)/MemoryAisle2/Services/Subscription",
					"$(SRCROOT)/MemoryAisle2/Features/Subscription",
				);
				MARKETING_VERSION = 1.0;
				PRODUCT_BUNDLE_IDENTIFIER = com.sltrdigital.MemoryAisle2Tests;
				PRODUCT_NAME = "$(TARGET_NAME)";
				STRING_CATALOG_GENERATE_SYMBOLS = NO;
				SWIFT_APPROACHABLE_CONCURRENCY = YES;
				SWIFT_EMIT_LOC_STRINGS = NO;
				SWIFT_UPCOMING_FEATURE_MEMBER_IMPORT_VISIBILITY = YES;
				SWIFT_VERSION = 5.0;
				TARGETED_DEVICE_FAMILY = "1,2";
				TEST_HOST = "$(BUILT_PRODUCTS_DIR)/MemoryAisle2.app/$(BUNDLE_EXECUTABLE_FOLDER_PATH)/MemoryAisle2";
			};
			name = Debug;
		};
		8BD860B02F84549900EEDDAF /* Release */ = {
			isa = XCBuildConfiguration;
			buildSettings = {
				BUNDLE_LOADER = "$(TEST_HOST)";
				CODE_SIGN_STYLE = Automatic;
				CURRENT_PROJECT_VERSION = 1;
				DEVELOPMENT_TEAM = A2RL4W62BR;
				GENERATE_INFOPLIST_FILE = YES;
				IPHONEOS_DEPLOYMENT_TARGET = 26.4;
				LIBRARY_SEARCH_PATHS = (
					"$(SRCROOT)/MemoryAisle2/DesignSystem",
					"$(SRCROOT)/MemoryAisle2/App",
					"$(SRCROOT)/MemoryAisle2/Features/Home",
					"$(SRCROOT)/MemoryAisle2/Features/Progress",
					"$(SRCROOT)/MemoryAisle2/Features/Mira",
					"$(SRCROOT)/MemoryAisle2/Features/Scan",
					"$(SRCROOT)/MemoryAisle2/Features/Meals",
					"$(SRCROOT)/Models",
					"$(SRCROOT)/Features/Home",
					"$(SRCROOT)/Features/Progress",
					"$(SRCROOT)/Features/Mira",
					"$(SRCROOT)/Features/Scan",
					"$(SRCROOT)/Features/Profile",
					"$(SRCROOT)/Features/Meals",
					"$(SRCROOT)/Features/Onboarding",
					"$(SRCROOT)/MemoryAisle2/Services/Medication",
					"$(SRCROOT)/MemoryAisle2/Services/Nutrition",
					"$(SRCROOT)/MemoryAisle2/Features/Onboarding",
					"$(SRCROOT)/MemoryAisle2/Features/Profile",
					"$(SRCROOT)/MemoryAisle2/Models",
					"$(SRCROOT)/MemoryAisle2/Services/Grocery",
					"$(SRCROOT)/MemoryAisle2/Services/Health",
					"$(SRCROOT)/MemoryAisle2/Services/System",
					"$(SRCROOT)/MemoryAisle2",
					"$(SRCROOT)/MemoryAisle2/Services/Subscription",
					"$(SRCROOT)/MemoryAisle2/Features/Subscription",
				);
				MARKETING_VERSION = 1.0;
				PRODUCT_BUNDLE_IDENTIFIER = com.sltrdigital.MemoryAisle2Tests;
				PRODUCT_NAME = "$(TARGET_NAME)";
				STRING_CATALOG_GENERATE_SYMBOLS = NO;
				SWIFT_APPROACHABLE_CONCURRENCY = YES;
				SWIFT_EMIT_LOC_STRINGS = NO;
				SWIFT_UPCOMING_FEATURE_MEMBER_IMPORT_VISIBILITY = YES;
				SWIFT_VERSION = 5.0;
				TARGETED_DEVICE_FAMILY = "1,2";
				TEST_HOST = "$(BUILT_PRODUCTS_DIR)/MemoryAisle2.app/$(BUNDLE_EXECUTABLE_FOLDER_PATH)/MemoryAisle2";
			};
			name = Release;
		};
		8BD860B22F84549900EEDDAF /* Debug */ = {
			isa = XCBuildConfiguration;
			buildSettings = {
				CODE_SIGN_STYLE = Automatic;
				CURRENT_PROJECT_VERSION = 1;
				DEVELOPMENT_TEAM = A2RL4W62BR;
				GENERATE_INFOPLIST_FILE = YES;
				LIBRARY_SEARCH_PATHS = (
					"$(SRCROOT)/MemoryAisle2/DesignSystem",
					"$(SRCROOT)/MemoryAisle2/App",
					"$(SRCROOT)/MemoryAisle2/Features/Home",
					"$(SRCROOT)/MemoryAisle2/Features/Progress",
					"$(SRCROOT)/MemoryAisle2/Features/Mira",
					"$(SRCROOT)/MemoryAisle2/Features/Scan",
					"$(SRCROOT)/MemoryAisle2/Features/Meals",
					"$(SRCROOT)/Models",
					"$(SRCROOT)/Features/Home",
					"$(SRCROOT)/Features/Progress",
					"$(SRCROOT)/Features/Mira",
					"$(SRCROOT)/Features/Scan",
					"$(SRCROOT)/Features/Profile",
					"$(SRCROOT)/Features/Meals",
					"$(SRCROOT)/Features/Onboarding",
					"$(SRCROOT)/MemoryAisle2/Services/Medication",
					"$(SRCROOT)/MemoryAisle2/Services/Nutrition",
					"$(SRCROOT)/MemoryAisle2/Features/Onboarding",
					"$(SRCROOT)/MemoryAisle2/Features/Profile",
					"$(SRCROOT)/MemoryAisle2/Models",
					"$(SRCROOT)/MemoryAisle2/Services/Grocery",
					"$(SRCROOT)/MemoryAisle2/Services/Health",
					"$(SRCROOT)/MemoryAisle2/Services/System",
					"$(SRCROOT)/MemoryAisle2",
					"$(SRCROOT)/MemoryAisle2/Services/Subscription",
					"$(SRCROOT)/MemoryAisle2/Features/Subscription",
				);
				MARKETING_VERSION = 1.0;
				PRODUCT_BUNDLE_IDENTIFIER = com.sltrdigital.MemoryAisle2UITests;
				PRODUCT_NAME = "$(TARGET_NAME)";
				STRING_CATALOG_GENERATE_SYMBOLS = NO;
				SWIFT_APPROACHABLE_CONCURRENCY = YES;
				SWIFT_EMIT_LOC_STRINGS = NO;
				SWIFT_UPCOMING_FEATURE_MEMBER_IMPORT_VISIBILITY = YES;
				SWIFT_VERSION = 5.0;
				TARGETED_DEVICE_FAMILY = "1,2";
				TEST_TARGET_NAME = MemoryAisle2;
			};
			name = Debug;
		};
		8BD860B32F84549900EEDDAF /* Release */ = {
			isa = XCBuildConfiguration;
			buildSettings = {
				CODE_SIGN_STYLE = Automatic;
				CURRENT_PROJECT_VERSION = 1;
				DEVELOPMENT_TEAM = A2RL4W62BR;
				GENERATE_INFOPLIST_FILE = YES;
				LIBRARY_SEARCH_PATHS = (
					"$(SRCROOT)/MemoryAisle2/DesignSystem",
					"$(SRCROOT)/MemoryAisle2/App",
					"$(SRCROOT)/MemoryAisle2/Features/Home",
					"$(SRCROOT)/MemoryAisle2/Features/Progress",
					"$(SRCROOT)/MemoryAisle2/Features/Mira",
					"$(SRCROOT)/MemoryAisle2/Features/Scan",
					"$(SRCROOT)/MemoryAisle2/Features/Meals",
					"$(SRCROOT)/Models",
					"$(SRCROOT)/Features/Home",
					"$(SRCROOT)/Features/Progress",
					"$(SRCROOT)/Features/Mira",
					"$(SRCROOT)/Features/Scan",
					"$(SRCROOT)/Features/Profile",
					"$(SRCROOT)/Features/Meals",
					"$(SRCROOT)/Features/Onboarding",
					"$(SRCROOT)/MemoryAisle2/Services/Medication",
					"$(SRCROOT)/MemoryAisle2/Services/Nutrition",
					"$(SRCROOT)/MemoryAisle2/Features/Onboarding",
					"$(SRCROOT)/MemoryAisle2/Features/Profile",
					"$(SRCROOT)/MemoryAisle2/Models",
					"$(SRCROOT)/MemoryAisle2/Services/Grocery",
					"$(SRCROOT)/MemoryAisle2/Services/Health",
					"$(SRCROOT)/MemoryAisle2/Services/System",
					"$(SRCROOT)/MemoryAisle2",
					"$(SRCROOT)/MemoryAisle2/Services/Subscription",
					"$(SRCROOT)/MemoryAisle2/Features/Subscription",
				);
				MARKETING_VERSION = 1.0;
				PRODUCT_BUNDLE_IDENTIFIER = com.sltrdigital.MemoryAisle2UITests;
				PRODUCT_NAME = "$(TARGET_NAME)";
				STRING_CATALOG_GENERATE_SYMBOLS = NO;
				SWIFT_APPROACHABLE_CONCURRENCY = YES;
				SWIFT_EMIT_LOC_STRINGS = NO;
				SWIFT_UPCOMING_FEATURE_MEMBER_IMPORT_VISIBILITY = YES;
				SWIFT_VERSION = 5.0;
				TARGETED_DEVICE_FAMILY = "1,2";
				TEST_TARGET_NAME = MemoryAisle2;
			};
			name = Release;
		};
/* End XCBuildConfiguration section */

/* Begin XCConfigurationList section */
		8BD860832F84549700EEDDAF /* Build configuration list for PBXProject "MemoryAisle2" */ = {
			isa = XCConfigurationList;
			buildConfigurations = (
				8BD860A92F84549900EEDDAF /* Debug */,
				8BD860AA2F84549900EEDDAF /* Release */,
			);
			defaultConfigurationIsVisible = 0;
			defaultConfigurationName = Release;
		};
		8BD860AB2F84549900EEDDAF /* Build configuration list for PBXNativeTarget "MemoryAisle2" */ = {
			isa = XCConfigurationList;
			buildConfigurations = (
				8BD860AC2F84549900EEDDAF /* Debug */,
				8BD860AD2F84549900EEDDAF /* Release */,
			);
			defaultConfigurationIsVisible = 0;
			defaultConfigurationName = Release;
		};
		8BD860AE2F84549900EEDDAF /* Build configuration list for PBXNativeTarget "MemoryAisle2Tests" */ = {
			isa = XCConfigurationList;
			buildConfigurations = (
				8BD860AF2F84549900EEDDAF /* Debug */,
				8BD860B02F84549900EEDDAF /* Release */,
			);
			defaultConfigurationIsVisible = 0;
			defaultConfigurationName = Release;
		};
		8BD860B12F84549900EEDDAF /* Build configuration list for PBXNativeTarget "MemoryAisle2UITests" */ = {
			isa = XCConfigurationList;
			buildConfigurations = (
				8BD860B22F84549900EEDDAF /* Debug */,
				8BD860B32F84549900EEDDAF /* Release */,
			);
			defaultConfigurationIsVisible = 0;
			defaultConfigurationName = Release;
		};
/* End XCConfigurationList section */
	};
	rootObject = 8BD860802F84549700EEDDAF /* Project object */;
}
