// !$*UTF8*$!
{
	archiveVersion = 1;
	classes = {
	};
	objectVersion = 77;
	objects = {

/* Begin PBXBuildFile section */
		8B5CB0222F88772A00ED24E9 /* StoreKit.framework in Frameworks */ = {isa = PBXBuildFile; fileRef = 8B5CB0212F88772A00ED24E9 /* StoreKit.framework */; };
/* End PBXBuildFile section */

/* Begin PBXContainerItemProxy section */
		8BD860982F84549900EEDDAF /* PBXContainerItemProxy */ = {
			isa = PBXContainerItemProxy;
			containerPortal = 8BD860802F84549700EEDDAF /* Project object */;
			proxyType = 1;
			remoteGlobalIDString = 8BD860872F84549700EEDDAF;
			remoteInfo = MemoryAisle2;
		};
		8BD860A22F84549900EEDDAF /* PBXContainerItemProxy */ = {
			isa = PBXContainerItemProxy;
			containerPortal = 8BD860802F84549700EEDDAF /* Project object */;
			proxyType = 1;
			remoteGlobalIDString = 8BD860872F84549700EEDDAF;
			remoteInfo = MemoryAisle2;
		};
/* End PBXContainerItemProxy section */

/* Begin PBXCopyFilesBuildPhase section */
		8B3F99102F849BA100710E33 /* Embed Foundation Extensions */ = {
			isa = PBXCopyFilesBuildPhase;
			buildActionMask = 2147483647;
			dstPath = "";
			dstSubfolderSpec = 13;
			files = (
			);
			name = "Embed Foundation Extensions";
			runOnlyForDeploymentPostprocessing = 0;
		};
/* End PBXCopyFilesBuildPhase section */

/* Begin PBXFileReference section */
		8B3F98F92F849BA000710E33 /* MemoryAisleWidgetsExtension.appex */ = {isa = PBXFileReference; explicitFileType = "wrapper.app-extension"; includeInIndex = 0; path = MemoryAisleWidgetsExtension.appex; sourceTree = BUILT_PRODUCTS_DIR; };
		8B3F98FB2F849BA000710E33 /* WidgetKit.framework */ = {isa = PBXFileReference; lastKnownFileType = wrapper.framework; name = WidgetKit.framework; path = System/Library/Frameworks/WidgetKit.framework; sourceTree = SDKROOT; };
		8B3F98FD2F849BA000710E33 /* SwiftUI.framework */ = {isa = PBXFileReference; lastKnownFileType = wrapper.framework; name = SwiftUI.framework; path = System/Library/Frameworks/SwiftUI.framework; sourceTree = SDKROOT; };
		8B5CB0212F88772A00ED24E9 /* StoreKit.framework */ = {isa = PBXFileReference; lastKnownFileType = wrapper.framework; name = StoreKit.framework; path = System/Library/Frameworks/StoreKit.framework; sourceTree = SDKROOT; };
		8BA557392F8A97B400115A13 /* MemoryAisle2.xctestplan */ = {isa = PBXFileReference; lastKnownFileType = text; path = MemoryAisle2.xctestplan; sourceTree = "<group>"; };
		8BD860882F84549700EEDDAF /* MemoryAisle2.app */ = {isa = PBXFileReference; explicitFileType = wrapper.application; includeInIndex = 0; path = MemoryAisle2.app; sourceTree = BUILT_PRODUCTS_DIR; };
		8BD860972F84549900EEDDAF /* MemoryAisle2Tests.xctest */ = {isa = PBXFileReference; explicitFileType = wrapper.cfbundle; includeInIndex = 0; path = MemoryAisle2Tests.xctest; sourceTree = BUILT_PRODUCTS_DIR; };
		8BD860A12F84549900EEDDAF /* MemoryAisle2UITests.xctest */ = {isa = PBXFileReference; explicitFileType = wrapper.cfbundle; includeInIndex = 0; path = MemoryAisle2UITests.xctest; sourceTree = BUILT_PRODUCTS_DIR; };
/* End PBXFileReference section */

/* Begin PBXFileSystemSynchronizedRootGroup section */
		8BD8608A2F84549700EEDDAF /* MemoryAisle2 */ = {
			isa = PBXFileSystemSynchronizedRootGroup;
			path = MemoryAisle2;
			sourceTree = "<group>";
		};
		8BD8609A2F84549900EEDDAF /* MemoryAisle2Tests */ = {
			isa = PBXFileSystemSynchronizedRootGroup;
			path = MemoryAisle2Tests;
			sourceTree = "<group>";
		};
		8BD860A42F84549900EEDDAF /* MemoryAisle2UITests */ = {
			isa = PBXFileSystemSynchronizedRootGroup;
			path = MemoryAisle2UITests;
			sourceTree = "<group>";
		};
/* End PBXFileSystemSynchronizedRootGroup section */

/* Begin PBXFrameworksBuildPhase section */
		8B5CB0232F88772A00ED24E9 /* Frameworks */ = {
			isa = PBXFrameworksBuildPhase;
			buildActionMask = 2147483647;
			files = (
				8B5CB0222F88772A00ED24E9 /* StoreKit.framework in Frameworks */,
			);
			runOnlyForDeploymentPostprocessing = 0;
		};
/* End PBXFrameworksBuildPhase section */

/* Begin PBXGroup section */
		8B3F98FA2F849BA000710E33 /* Frameworks */ = {
			isa = PBXGroup;
			children = (
				8B5CB0212F88772A00ED24E9 /* StoreKit.framework */,
				8B3F98FB2F849BA000710E33 /* WidgetKit.framework */,
				8B3F98FD2F849BA000710E33 /* SwiftUI.framework */,
			);
			name = Frameworks;
			sourceTree = "<group>";
		};
		8BD8607F2F84549700EEDDAF = {
			isa = PBXGroup;
			children = (
				8BA557392F8A97B400115A13 /* MemoryAisle2.xctestplan */,
				8BD8608A2F84549700EEDDAF /* MemoryAisle2 */,
				8BD8609A2F84549900EEDDAF /* MemoryAisle2Tests */,
				8BD860A42F84549900EEDDAF /* MemoryAisle2UITests */,
				8B3F98FA2F849BA000710E33 /* Frameworks */,
				8BD860892F84549700EEDDAF /* Products */,
			);
			sourceTree = "<group>";
		};
		8BD860892F84549700EEDDAF /* Products */ = {
			isa = PBXGroup;
			children = (
				8BD860882F84549700EEDDAF /* MemoryAisle2.app */,
				8BD860972F84549900EEDDAF /* MemoryAisle2Tests.xctest */,
				8BD860A12F84549900EEDDAF /* MemoryAisle2UITests.xctest */,
				8B3F98F92F849BA000710E33 /* MemoryAisleWidgetsExtension.appex */,
			);
			name = Products;
			sourceTree = "<group>";
		};
/* End PBXGroup section */

/* Begin PBXNativeTarget section */
		8BD860872F84549700EEDDAF /* MemoryAisle2 */ = {
			isa = PBXNativeTarget;
			buildConfigurationList = 8BD860AB2F84549900EEDDAF /* Build configuration list for PBXNativeTarget "MemoryAisle2" */;
			buildPhases = (
				8BD860842F84549700EEDDAF /* Sources */,
				8BD860862F84549700EEDDAF /* Resources */,
				8B3F99102F849BA100710E33 /* Embed Foundation Extensions */,
				8B5CB0232F88772A00ED24E9 /* Frameworks */,
			);
			buildRules = (
			);
			dependencies = (
			);
			fileSystemSynchronizedGroups = (
				8BD8608A2F84549700EEDDAF /* MemoryAisle2 */,
			);
			name = MemoryAisle2;
			packageProductDependencies = (
			);
			productName = MemoryAisle2;
			productReference = 8BD860882F84549700EEDDAF /* MemoryAisle2.app */;
			productType = "com.apple.product-type.application";
		};
		8BD860962F84549900EEDDAF /* MemoryAisle2Tests */ = {
			isa = PBXNativeTarget;
			buildConfigurationList = 8BD860AE2F84549900EEDDAF /* Build configuration list for PBXNativeTarget "MemoryAisle2Tests" */;
			buildPhases = (
				8BD8609B2F84549900EEDDAF /* Sources */,
			);
			buildRules = (
			);
			dependencies = (
				8BD860992F84549900EEDDAF /* PBXTargetDependency */,
			);
			fileSystemSynchronizedGroups = (
				8BD8609A2F84549900EEDDAF /* MemoryAisle2Tests */,
			);
			name = MemoryAisle2Tests;
			packageProductDependencies = (
			);
			productName = MemoryAisle2Tests;
			productReference = 8BD860972F84549900EEDDAF /* MemoryAisle2Tests.xctest */;
			productType = "com.apple.product-type.bundle.unit-test";
		};
		8BD860A02F84549900EEDDAF /* MemoryAisle2UITests */ = {
			isa = PBXNativeTarget;
			buildConfigurationList = 8BD860B12F84549900EEDDAF /* Build configuration list for PBXNativeTarget "MemoryAisle2UITests" */;
			buildPhases = (
			);
			buildRules = (
			);
			dependencies = (
				8BD860A32F84549900EEDDAF /* PBXTargetDependency */,
			);
			fileSystemSynchronizedGroups = (
				8BD860A42F84549900EEDDAF /* MemoryAisle2UITests */,
			);
			name = MemoryAisle2UITests;
			packageProductDependencies = (
			);
			productName = MemoryAisle2UITests;
			productReference = 8BD860A12F84549900EEDDAF /* MemoryAisle2UITests.xctest */;
			productType = "com.apple.product-type.bundle.ui-testing";
		};
/* End PBXNativeTarget section */

/* Begin PBXProject section */
		8BD860802F84549700EEDDAF /* Project object */ = {
			isa = PBXProject;
			attributes = {
				BuildIndependentTargetsInParallel = 1;
				LastSwiftUpdateCheck = 2640;
				LastUpgradeCheck = 2640;
				TargetAttributes = {
					8BD860872F84549700EEDDAF = {
						CreatedOnToolsVersion = 26.4;
					};
					8BD860962F84549900EEDDAF = {
						CreatedOnToolsVersion = 26.4;
						TestTargetID = 8BD860872F84549700EEDDAF;
					};
					8BD860A02F84549900EEDDAF = {
						CreatedOnToolsVersion = 26.4;
						TestTargetID = 8BD860872F84549700EEDDAF;
					};
				};
			};
			buildConfigurationList = 8BD860832F84549700EEDDAF /* Build configuration list for PBXProject "MemoryAisle2" */;
			developmentRegion = en;
			hasScannedForEncodings = 0;
			knownRegions = (
				en,
				Base,
			);
			mainGroup = 8BD8607F2F84549700EEDDAF;
			minimizedProjectReferenceProxies = 1;
			preferredProjectObjectVersion = 77;
			productRefGroup = 8BD860892F84549700EEDDAF /* Products */;
			projectDirPath = "";
			projectRoot = "";
			targets = (
				8BD860872F84549700EEDDAF /* MemoryAisle2 */,
				8BD860962F84549900EEDDAF /* MemoryAisle2Tests */,
				8BD860A02F84549900EEDDAF /* MemoryAisle2UITests */,
			);
		};
/* End PBXProject section */

/* Begin PBXResourcesBuildPhase section */
		8BD860862F84549700EEDDAF /* Resources */ = {
			isa = PBXResourcesBuildPhase;
			buildActionMask = 2147483647;
			files = (
			);
			runOnlyForDeploymentPostprocessing = 0;
		};
/* End PBXResourcesBuildPhase section */

/* Begin PBXSourcesBuildPhase section */
		8BD860842F84549700EEDDAF /* Sources */ = {
			isa = PBXSourcesBuildPhase;
			buildActionMask = 2147483647;
			files = (
			);
			runOnlyForDeploymentPostprocessing = 0;
		};
		8BD8609B2F84549900EEDDAF /* Sources */ = {
			isa = PBXSourcesBuildPhase;
			buildActionMask = 2147483647;
			files = (
			);
			runOnlyForDeploymentPostprocessing = 0;
		};
/* End PBXSourcesBuildPhase section */

/* Begin PBXTargetDependency section */
		8BD860992F84549900EEDDAF /* PBXTargetDependency */ = {
			isa = PBXTargetDependency;
			target = 8BD860872F84549700EEDDAF /* MemoryAisle2 */;
			targetProxy = 8BD860982F84549900EEDDAF /* PBXContainerItemProxy */;
		};
		8BD860A32F84549900EEDDAF /* PBXTargetDependency */ = {
			isa = PBXTargetDependency;
			target = 8BD860872F84549700EEDDAF /* MemoryAisle2 */;
			targetProxy = 8BD860A22F84549900EEDDAF /* PBXContainerItemProxy */;
		};
/* End PBXTargetDependency section */

/* Begin XCBuildConfiguration section */
		8BD860A92F84549900EEDDAF /* Debug */ = {
			isa = XCBuildConfiguration;
			buildSettings = {
				ALWAYS_SEARCH_USER_PATHS = NO;
				ASSETCATALOG_COMPILER_GENERATE_SWIFT_ASSET_SYMBOL_EXTENSIONS = YES;
				CLANG_ANALYZER_NONNULL = YES;
				CLANG_ANALYZER_NUMBER_OBJECT_CONVERSION = YES_AGGRESSIVE;
				CLANG_CXX_LANGUAGE_STANDARD = "gnu++20";
				CLANG_ENABLE_MODULES = YES;
				CLANG_ENABLE_OBJC_ARC = YES;
				CLANG_ENABLE_OBJC_WEAK = YES;
				CLANG_WARN_BLOCK_CAPTURE_AUTORELEASING = YES;
				CLANG_WARN_BOOL_CONVERSION = YES;
				CLANG_WARN_COMMA = YES;
				CLANG_WARN_CONSTANT_CONVERSION = YES;
				CLANG_WARN_DEPRECATED_OBJC_IMPLEMENTATIONS = YES;
				CLANG_WARN_DIRECT_OBJC_ISA_USAGE = YES_ERROR;
				CLANG_WARN_DOCUMENTATION_COMMENTS = YES;
				CLANG_WARN_EMPTY_BODY = YES;
				CLANG_WARN_ENUM_CONVERSION = YES;
				CLANG_WARN_INFINITE_RECURSION = YES;
				CLANG_WARN_INT_CONVERSION = YES;
				CLANG_WARN_NON_LITERAL_NULL_CONVERSION = YES;
				CLANG_WARN_OBJC_IMPLICIT_RETAIN_SELF = YES;
				CLANG_WARN_OBJC_LITERAL_CONVERSION = YES;
				CLANG_WARN_OBJC_ROOT_CLASS = YES_ERROR;
				CLANG_WARN_QUOTED_INCLUDE_IN_FRAMEWORK_HEADER = YES;
				CLANG_WARN_RANGE_LOOP_ANALYSIS = YES;
				CLANG_WARN_STRICT_PROTOTYPES = YES;
				CLANG_WARN_SUSPICIOUS_MOVE = YES;
				CLANG_WARN_UNGUARDED_AVAILABILITY = YES_AGGRESSIVE;
				CLANG_WARN_UNREACHABLE_CODE = YES;
				CLANG_WARN__DUPLICATE_METHOD_MATCH = YES;
				COPY_PHASE_STRIP = NO;
				DEBUG_INFORMATION_FORMAT = dwarf;
				DEVELOPMENT_TEAM = A2RL4W62BR;
				ENABLE_STRICT_OBJC_MSGSEND = YES;
				ENABLE_TESTABILITY = YES;
				ENABLE_USER_SCRIPT_SANDBOXING = YES;
				GCC_C_LANGUAGE_STANDARD = gnu17;
				GCC_DYNAMIC_NO_PIC = NO;
				GCC_NO_COMMON_BLOCKS = YES;
				GCC_OPTIMIZATION_LEVEL = 0;
				GCC_PREPROCESSOR_DEFINITIONS = (
					"DEBUG=1",
					"$(inherited)",
				);
				GCC_TREAT_WARNINGS_AS_ERRORS = YES;
				GCC_WARN_64_TO_32_BIT_CONVERSION = YES;
				GCC_WARN_ABOUT_RETURN_TYPE = YES_ERROR;
				GCC_WARN_UNDECLARED_SELECTOR = YES;
				GCC_WARN_UNINITIALIZED_AUTOS = YES_AGGRESSIVE;
				GCC_WARN_UNUSED_FUNCTION = YES;
				GCC_WARN_UNUSED_VARIABLE = YES;
				IPHONEOS_DEPLOYMENT_TARGET = 26.4;
				LOCALIZATION_PREFERS_STRING_CATALOGS = YES;
				MTL_ENABLE_DEBUG_INFO = INCLUDE_SOURCE;
				MTL_FAST_MATH = YES;
				ONLY_ACTIVE_ARCH = YES;
				SDKROOT = iphoneos;
				SWIFT_ACTIVE_COMPILATION_CONDITIONS = "DEBUG $(inherited)";
				SWIFT_OPTIMIZATION_LEVEL = "-Onone";
				SWIFT_TREAT_WARNINGS_AS_ERRORS = YES;
				VALIDATE_PRODUCT = YES;
			};
			name = Debug;
		};
		8BD860AA2F84549900EEDDAF /* Release */ = {
			isa = XCBuildConfiguration;
			buildSettings = {
				ALWAYS_SEARCH_USER_PATHS = NO;
				ASSETCATALOG_COMPILER_GENERATE_SWIFT_ASSET_SYMBOL_EXTENSIONS = YES;
				CLANG_ANALYZER_NONNULL = YES;
				CLANG_ANALYZER_NUMBER_OBJECT_CONVERSION = YES_AGGRESSIVE;
				CLANG_CXX_LANGUAGE_STANDARD = "gnu++20";
				CLANG_ENABLE_MODULES = YES;
				CLANG_ENABLE_OBJC_ARC = YES;
				CLANG_ENABLE_OBJC_WEAK = YES;
				CLANG_WARN_BLOCK_CAPTURE_AUTORELEASING = YES;
				CLANG_WARN_BOOL_CONVERSION = YES;
				CLANG_WARN_COMMA = YES;
				CLANG_WARN_CONSTANT_CONVERSION = YES;
				CLANG_WARN_DEPRECATED_OBJC_IMPLEMENTATIONS = YES;
				CLANG_WARN_DIRECT_OBJC_ISA_USAGE = YES_ERROR;
				CLANG_WARN_DOCUMENTATION_COMMENTS = YES;
				CLANG_WARN_EMPTY_BODY = YES;
				CLANG_WARN_ENUM_CONVERSION = YES;
				CLANG_WARN_INFINITE_RECURSION = YES;
				CLANG_WARN_INT_CONVERSION = YES;
				CLANG_WARN_NON_LITERAL_NULL_CONVERSION = YES;
				CLANG_WARN_OBJC_IMPLICIT_RETAIN_SELF = YES;
				CLANG_WARN_OBJC_LITERAL_CONVERSION = YES;
				CLANG_WARN_OBJC_ROOT_CLASS = YES_ERROR;
				CLANG_WARN_QUOTED_INCLUDE_IN_FRAMEWORK_HEADER = YES;
				CLANG_WARN_RANGE_LOOP_ANALYSIS = YES;
				CLANG_WARN_STRICT_PROTOTYPES = YES;
				CLANG_WARN_SUSPICIOUS_MOVE = YES;
				CLANG_WARN_UNGUARDED_AVAILABILITY = YES_AGGRESSIVE;
				CLANG_WARN_UNREACHABLE_CODE = YES;
				CLANG_WARN__DUPLICATE_METHOD_MATCH = YES;
				COPY_PHASE_STRIP = NO;
				DEBUG_INFORMATION_FORMAT = "dwarf-with-dsym";
				DEVELOPMENT_TEAM = A2RL4W62BR;
				ENABLE_NS_ASSERTIONS = NO;
				ENABLE_STRICT_OBJC_MSGSEND = YES;
				ENABLE_USER_SCRIPT_SANDBOXING = YES;
				GCC_C_LANGUAGE_STANDARD = gnu17;
				GCC_NO_COMMON_BLOCKS = YES;
				GCC_TREAT_WARNINGS_AS_ERRORS = YES;
				GCC_WARN_64_TO_32_BIT_CONVERSION = YES;
				GCC_WARN_ABOUT_RETURN_TYPE = YES_ERROR;
				GCC_WARN_UNDECLARED_SELECTOR = YES;
				GCC_WARN_UNINITIALIZED_AUTOS = YES_AGGRESSIVE;
				GCC_WARN_UNUSED_FUNCTION = YES;
				GCC_WARN_UNUSED_VARIABLE = YES;
				IPHONEOS_DEPLOYMENT_TARGET = 26.4;
				LOCALIZATION_PREFERS_STRING_CATALOGS = YES;
				MTL_ENABLE_DEBUG_INFO = NO;
				MTL_FAST_MATH = YES;
				SDKROOT = iphoneos;
				SWIFT_COMPILATION_MODE = wholemodule;
				SWIFT_TREAT_WARNINGS_AS_ERRORS = YES;
				VALIDATE_PRODUCT = YES;
			};
			name = Release;
		};
		8BD860AC2F84549900EEDDAF /* Debug */ = {
			isa = XCBuildConfiguration;
			buildSettings = {
				ASSETCATALOG_COMPILER_APPICON_NAME = AppIcon;
				ASSETCATALOG_COMPILER_GLOBAL_ACCENT_COLOR_NAME = AccentColor;
				CODE_SIGN_ENTITLEMENTS = MemoryAisle2/MemoryAisle2.entitlements;
				CODE_SIGN_STYLE = Automatic;
				CURRENT_PROJECT_VERSION = 4;
				DEVELOPMENT_TEAM = A2RL4W62BR;
				ENABLE_PREVIEWS = YES;
				GCC_TREAT_WARNINGS_AS_ERRORS = YES;
				GENERATE_INFOPLIST_FILE = YES;
				INFOPLIST_KEY_CFBundleDisplayName = MemoryAisle;
				INFOPLIST_KEY_ITSAppUsesNonExemptEncryption = NO;
				INFOPLIST_KEY_LSApplicationCategoryType = "public.app-category.healthcare-fitness";
				INFOPLIST_KEY_LSApplicationQueriesSchemes = "doordash ubereats grubhub instacart";
				INFOPLIST_KEY_NSCameraUsageDescription = "MemoryAisle needs camera access to scan food barcodes and analyze meals.";
				INFOPLIST_KEY_NSFaceIDUsageDescription = "MemoryAisle uses Face ID to protect your Safe Space journal and sensitive health data.";
				INFOPLIST_KEY_NSHealthShareUsageDescription = "MemoryAisle reads your weight and body composition to personalize protein targets and track progress.";
				INFOPLIST_KEY_NSHealthUpdateUsageDescription = "MemoryAisle does not currently save data to Apple Health. This entry is required by iOS for any app that uses the HealthKit framework.";
				INFOPLIST_KEY_NSMicrophoneUsageDescription = "MemoryAisle uses the microphone for voice conversations with Mira.";
				INFOPLIST_KEY_NSPhotoLibraryUsageDescription = "MemoryAisle uses your photo library for profile photos, progress check-ins, and meal logging.";
				INFOPLIST_KEY_NSSpeechRecognitionUsageDescription = "MemoryAisle uses speech recognition to transcribe your voice on-device for Mira conversations. Audio is never sent to any server.";
				INFOPLIST_KEY_UIAppFonts = "LibreCaslonDisplay-Regular.ttf";
				INFOPLIST_KEY_UIApplicationSceneManifest_Generation = YES;
				INFOPLIST_KEY_UIApplicationSupportsIndirectInputEvents = YES;
				INFOPLIST_KEY_UILaunchScreen_Generation = YES;
				INFOPLIST_KEY_UISupportedInterfaceOrientations_iPad = "UIInterfaceOrientationPortrait UIInterfaceOrientationPortraitUpsideDown UIInterfaceOrientationLandscapeLeft UIInterfaceOrientationLandscapeRight";
				INFOPLIST_KEY_UISupportedInterfaceOrientations_iPhone = "UIInterfaceOrientationPortrait UIInterfaceOrientationLandscapeLeft UIInterfaceOrientationLandscapeRight";
				IPHONEOS_DEPLOYMENT_TARGET = 18.6;
				LD_RUNPATH_SEARCH_PATHS = (
					"$(inherited)",
					"@executable_path/Frameworks",
				);
				MARKETING_VERSION = 1.0.3;
				PRODUCT_BUNDLE_IDENTIFIER = com.sltrdigital.MemoryAisle2;
				PRODUCT_NAME = "$(TARGET_NAME)";
				STRING_CATALOG_GENERATE_SYMBOLS = YES;
				SUPPORTED_PLATFORMS = "iphoneos iphonesimulator";
				SUPPORTS_MACCATALYST = NO;
				SUPPORTS_MAC_DESIGNED_FOR_IPHONE_IPAD = NO;
				SUPPORTS_XR_DESIGNED_FOR_IPHONE_IPAD = NO;
				SWIFT_APPROACHABLE_CONCURRENCY = YES;
				SWIFT_DEFAULT_ACTOR_ISOLATION = MainActor;
				SWIFT_EMIT_LOC_STRINGS = YES;
				SWIFT_TREAT_WARNINGS_AS_ERRORS = YES;
				SWIFT_UPCOMING_FEATURE_MEMBER_IMPORT_VISIBILITY = YES;
				SWIFT_VERSION = 6.0;
				TARGETED_DEVICE_FAMILY = 1;
			};
			name = Debug;
		};
		8BD860AD2F84549900EEDDAF /* Release */ = {
			isa = XCBuildConfiguration;
			buildSettings = {
				ASSETCATALOG_COMPILER_APPICON_NAME = AppIcon;
				ASSETCATALOG_COMPILER_GLOBAL_ACCENT_COLOR_NAME = AccentColor;
				CODE_SIGN_ENTITLEMENTS = MemoryAisle2/MemoryAisle2.entitlements;
				CODE_SIGN_STYLE = Automatic;
				CURRENT_PROJECT_VERSION = 4;
				DEVELOPMENT_TEAM = A2RL4W62BR;
				ENABLE_PREVIEWS = YES;
				GCC_TREAT_WARNINGS_AS_ERRORS = YES;
				GENERATE_INFOPLIST_FILE = YES;
				INFOPLIST_KEY_CFBundleDisplayName = MemoryAisle;
				INFOPLIST_KEY_ITSAppUsesNonExemptEncryption = NO;
				INFOPLIST_KEY_LSApplicationCategoryType = "public.app-category.healthcare-fitness";
				INFOPLIST_KEY_LSApplicationQueriesSchemes = "doordash ubereats grubhub instacart";
				INFOPLIST_KEY_NSCameraUsageDescription = "MemoryAisle needs camera access to scan food barcodes and analyze meals.";
				INFOPLIST_KEY_NSFaceIDUsageDescription = "MemoryAisle uses Face ID to protect your Safe Space journal and sensitive health data.";
				INFOPLIST_KEY_NSHealthShareUsageDescription = "MemoryAisle reads your weight and body composition to personalize protein targets and track progress.";
				INFOPLIST_KEY_NSHealthUpdateUsageDescription = "MemoryAisle does not currently save data to Apple Health. This entry is required by iOS for any app that uses the HealthKit framework.";
				INFOPLIST_KEY_NSMicrophoneUsageDescription = "MemoryAisle uses the microphone for voice conversations with Mira.";
				INFOPLIST_KEY_NSPhotoLibraryUsageDescription = "MemoryAisle uses your photo library for profile photos, progress check-ins, and meal logging.";
				INFOPLIST_KEY_NSSpeechRecognitionUsageDescription = "MemoryAisle uses speech recognition to transcribe your voice on-device for Mira conversations. Audio is never sent to any server.";
				INFOPLIST_KEY_UIAppFonts = "LibreCaslonDisplay-Regular.ttf";
				INFOPLIST_KEY_UIApplicationSceneManifest_Generation = YES;
				INFOPLIST_KEY_UIApplicationSupportsIndirectInputEvents = YES;
				INFOPLIST_KEY_UILaunchScreen_Generation = YES;
				INFOPLIST_KEY_UISupportedInterfaceOrientations_iPad = "UIInterfaceOrientationPortrait UIInterfaceOrientationPortraitUpsideDown UIInterfaceOrientationLandscapeLeft UIInterfaceOrientationLandscapeRight";
				INFOPLIST_KEY_UISupportedInterfaceOrientations_iPhone = "UIInterfaceOrientationPortrait UIInterfaceOrientationLandscapeLeft UIInterfaceOrientationLandscapeRight";
				IPHONEOS_DEPLOYMENT_TARGET = 18.6;
				LD_RUNPATH_SEARCH_PATHS = (
					"$(inherited)",
					"@executable_path/Frameworks",
				);
				MARKETING_VERSION = 1.0.3;
				PRODUCT_BUNDLE_IDENTIFIER = com.sltrdigital.MemoryAisle2;
				PRODUCT_NAME = "$(TARGET_NAME)";
				STRING_CATALOG_GENERATE_SYMBOLS = YES;
				SUPPORTED_PLATFORMS = "iphoneos iphonesimulator";
				SUPPORTS_MACCATALYST = NO;
				SUPPORTS_MAC_DESIGNED_FOR_IPHONE_IPAD = NO;
				SUPPORTS_XR_DESIGNED_FOR_IPHONE_IPAD = NO;
				SWIFT_APPROACHABLE_CONCURRENCY = YES;
				SWIFT_DEFAULT_ACTOR_ISOLATION = MainActor;
				SWIFT_EMIT_LOC_STRINGS = YES;
				SWIFT_TREAT_WARNINGS_AS_ERRORS = YES;
				SWIFT_UPCOMING_FEATURE_MEMBER_IMPORT_VISIBILITY = YES;
				SWIFT_VERSION = 6.0;
				TARGETED_DEVICE_FAMILY = 1;
			};
			name = Release;
		};
		8BD860AF2F84549900EEDDAF /* Debug */ = {
			isa = XCBuildConfiguration;
			buildSettings = {
				BUNDLE_LOADER = "$(TEST_HOST)";
				CODE_SIGN_STYLE = Automatic;
				CURRENT_PROJECT_VERSION = 4;
				DEVELOPMENT_TEAM = A2RL4W62BR;
				GENERATE_INFOPLIST_FILE = YES;
				IPHONEOS_DEPLOYMENT_TARGET = 26.4;
				MARKETING_VERSION = 1.0.3;
				PRODUCT_BUNDLE_IDENTIFIER = com.sltrdigital.MemoryAisle2Tests;
				PRODUCT_NAME = "$(TARGET_NAME)";
				STRING_CATALOG_GENERATE_SYMBOLS = NO;
				SWIFT_APPROACHABLE_CONCURRENCY = YES;
				SWIFT_EMIT_LOC_STRINGS = NO;
				SWIFT_UPCOMING_FEATURE_MEMBER_IMPORT_VISIBILITY = YES;
				SWIFT_VERSION = 5.0;
				TARGETED_DEVICE_FAMILY = "1,2";
				TEST_HOST = "$(BUILT_PRODUCTS_DIR)/MemoryAisle2.app/$(BUNDLE_EXECUTABLE_FOLDER_PATH)/MemoryAisle2";
			};
			name = Debug;
		};
		8BD860B02F84549900EEDDAF /* Release */ = {
			isa = XCBuildConfiguration;
			buildSettings = {
				BUNDLE_LOADER = "$(TEST_HOST)";
				CODE_SIGN_STYLE = Automatic;
				CURRENT_PROJECT_VERSION = 4;
				DEVELOPMENT_TEAM = A2RL4W62BR;
				GENERATE_INFOPLIST_FILE = YES;
				IPHONEOS_DEPLOYMENT_TARGET = 26.4;
				MARKETING_VERSION = 1.0.3;
				PRODUCT_BUNDLE_IDENTIFIER = com.sltrdigital.MemoryAisle2Tests;
				PRODUCT_NAME = "$(TARGET_NAME)";
				STRING_CATALOG_GENERATE_SYMBOLS = NO;
				SWIFT_APPROACHABLE_CONCURRENCY = YES;
				SWIFT_EMIT_LOC_STRINGS = NO;
				SWIFT_UPCOMING_FEATURE_MEMBER_IMPORT_VISIBILITY = YES;
				SWIFT_VERSION = 5.0;
				TARGETED_DEVICE_FAMILY = "1,2";
				TEST_HOST = "$(BUILT_PRODUCTS_DIR)/MemoryAisle2.app/$(BUNDLE_EXECUTABLE_FOLDER_PATH)/MemoryAisle2";
			};
			name = Release;
		};
		8BD860B22F84549900EEDDAF /* Debug */ = {
			isa = XCBuildConfiguration;
			buildSettings = {
				CODE_SIGN_STYLE = Automatic;
				CURRENT_PROJECT_VERSION = 4;
				DEVELOPMENT_TEAM = A2RL4W62BR;
				GENERATE_INFOPLIST_FILE = YES;
				MARKETING_VERSION = 1.0.3;
				PRODUCT_BUNDLE_IDENTIFIER = com.sltrdigital.MemoryAisle2UITests;
				PRODUCT_NAME = "$(TARGET_NAME)";
				STRING_CATALOG_GENERATE_SYMBOLS = NO;
				SWIFT_APPROACHABLE_CONCURRENCY = YES;
				SWIFT_EMIT_LOC_STRINGS = NO;
				SWIFT_UPCOMING_FEATURE_MEMBER_IMPORT_VISIBILITY = YES;
				SWIFT_VERSION = 5.0;
				TARGETED_DEVICE_FAMILY = "1,2";
				TEST_TARGET_NAME = MemoryAisle2;
			};
			name = Debug;
		};
		8BD860B32F84549900EEDDAF /* Release */ = {
			isa = XCBuildConfiguration;
			buildSettings = {
				CODE_SIGN_STYLE = Automatic;
				CURRENT_PROJECT_VERSION = 4;
				DEVELOPMENT_TEAM = A2RL4W62BR;
				GENERATE_INFOPLIST_FILE = YES;
				MARKETING_VERSION = 1.0.3;
				PRODUCT_BUNDLE_IDENTIFIER = com.sltrdigital.MemoryAisle2UITests;
				PRODUCT_NAME = "$(TARGET_NAME)";
				STRING_CATALOG_GENERATE_SYMBOLS = NO;
				SWIFT_APPROACHABLE_CONCURRENCY = YES;
				SWIFT_EMIT_LOC_STRINGS = NO;
				SWIFT_UPCOMING_FEATURE_MEMBER_IMPORT_VISIBILITY = YES;
				SWIFT_VERSION = 5.0;
				TARGETED_DEVICE_FAMILY = "1,2";
				TEST_TARGET_NAME = MemoryAisle2;
			};
			name = Release;
		};
/* End XCBuildConfiguration section */

/* Begin XCConfigurationList section */
		8BD860832F84549700EEDDAF /* Build configuration list for PBXProject "MemoryAisle2" */ = {
			isa = XCConfigurationList;
			buildConfigurations = (
				8BD860A92F84549900EEDDAF /* Debug */,
				8BD860AA2F84549900EEDDAF /* Release */,
			);
			defaultConfigurationIsVisible = 0;
			defaultConfigurationName = Release;
		};
		8BD860AB2F84549900EEDDAF /* Build configuration list for PBXNativeTarget "MemoryAisle2" */ = {
			isa = XCConfigurationList;
			buildConfigurations = (
				8BD860AC2F84549900EEDDAF /* Debug */,
				8BD860AD2F84549900EEDDAF /* Release */,
			);
			defaultConfigurationIsVisible = 0;
			defaultConfigurationName = Release;
		};
		8BD860AE2F84549900EEDDAF /* Build configuration list for PBXNativeTarget "MemoryAisle2Tests" */ = {
			isa = XCConfigurationList;
			buildConfigurations = (
				8BD860AF2F84549900EEDDAF /* Debug */,
				8BD860B02F84549900EEDDAF /* Release */,
			);
			defaultConfigurationIsVisible = 0;
			defaultConfigurationName = Release;
		};
		8BD860B12F84549900EEDDAF /* Build configuration list for PBXNativeTarget "MemoryAisle2UITests" */ = {
			isa = XCConfigurationList;
			buildConfigurations = (
				8BD860B22F84549900EEDDAF /* Debug */,
				8BD860B32F84549900EEDDAF /* Release */,
			);
			defaultConfigurationIsVisible = 0;
			defaultConfigurationName = Release;
		};
/* End XCConfigurationList section */
	};
	rootObject = 8BD860802F84549700EEDDAF /* Project object */;
}
